// !$*UTF8*$!
{
	archiveVersion = 1;
	classes = {
	};
	objectVersion = 46;
	objects = {

/* Begin PBXBuildFile section */
		2B016D071E94CE350019736C /* NSData+CCCryptUtil.m in Sources */ = {isa = PBXBuildFile; fileRef = 2B016CD91E94CE350019736C /* NSData+CCCryptUtil.m */; };
		2B016D081E94CE350019736C /* NSString+Hash.m in Sources */ = {isa = PBXBuildFile; fileRef = 2B016CDB1E94CE350019736C /* NSString+Hash.m */; };
		2B016D091E94CE350019736C /* ValidateHelper.m in Sources */ = {isa = PBXBuildFile; fileRef = 2B016CDE1E94CE350019736C /* ValidateHelper.m */; };
		2B016D181E94D1240019736C /* RequestManager.m in Sources */ = {isa = PBXBuildFile; fileRef = 2B016D171E94D1240019736C /* RequestManager.m */; };
		2B016D1E1E94DD480019736C /* AOLinkedStoryboardSegue.m in Sources */ = {isa = PBXBuildFile; fileRef = 2B016D1D1E94DD480019736C /* AOLinkedStoryboardSegue.m */; };
		2B016D251E94E2420019736C /* CZUserDefalt.m in Sources */ = {isa = PBXBuildFile; fileRef = 2B016D201E94E2420019736C /* CZUserDefalt.m */; };
		2B016D261E94E2420019736C /* User.m in Sources */ = {isa = PBXBuildFile; fileRef = 2B016D221E94E2420019736C /* User.m */; };
		2B016D271E94E2420019736C /* XHContext.m in Sources */ = {isa = PBXBuildFile; fileRef = 2B016D241E94E2420019736C /* XHContext.m */; };
		2B64A3D81E9C7F6D005E93BD /* HomeViewController.m in Sources */ = {isa = PBXBuildFile; fileRef = 2B64A3BC1E9C7F6D005E93BD /* HomeViewController.m */; };
		2B64A3D91E9C7F6D005E93BD /* ForgetViewController.m in Sources */ = {isa = PBXBuildFile; fileRef = 2B64A3C21E9C7F6D005E93BD /* ForgetViewController.m */; };
		2B64A3DA1E9C7F6D005E93BD /* LoginViewController.m in Sources */ = {isa = PBXBuildFile; fileRef = 2B64A3C41E9C7F6D005E93BD /* LoginViewController.m */; };
		2B64A3DB1E9C7F6D005E93BD /* RegistViewController.m in Sources */ = {isa = PBXBuildFile; fileRef = 2B64A3C61E9C7F6D005E93BD /* RegistViewController.m */; };
		2B64A3DD1E9C7F6D005E93BD /* UserViewController.m in Sources */ = {isa = PBXBuildFile; fileRef = 2B64A3D21E9C7F6D005E93BD /* UserViewController.m */; };
		2B64A3EC1E9C80E1005E93BD /* NewUserViewController.m in Sources */ = {isa = PBXBuildFile; fileRef = 2B64A3EB1E9C80E1005E93BD /* NewUserViewController.m */; };
		2B64A3F21E9C849C005E93BD /* Alk.storyboard in Resources */ = {isa = PBXBuildFile; fileRef = 2B64A3F11E9C849C005E93BD /* Alk.storyboard */; };
		2B64A3F51E9CAAB6005E93BD /* AlkBGMViewController.m in Sources */ = {isa = PBXBuildFile; fileRef = 2B64A3F41E9CAAB6005E93BD /* AlkBGMViewController.m */; };
		2B64A3FB1E9CABE0005E93BD /* Fat.storyboard in Resources */ = {isa = PBXBuildFile; fileRef = 2B64A3FA1E9CABE0005E93BD /* Fat.storyboard */; };
		2B64A4041E9CC7AD005E93BD /* ListTableViewCell.m in Sources */ = {isa = PBXBuildFile; fileRef = 2B64A4021E9CC7AD005E93BD /* ListTableViewCell.m */; };
		2B64A4051E9CC7AD005E93BD /* ListTableViewCell.xib in Resources */ = {isa = PBXBuildFile; fileRef = 2B64A4031E9CC7AD005E93BD /* ListTableViewCell.xib */; };
		2B64A40B1E9CD236005E93BD /* ECG.storyboard in Resources */ = {isa = PBXBuildFile; fileRef = 2B64A40A1E9CD236005E93BD /* ECG.storyboard */; };
		2B64A40F1E9CD5EC005E93BD /* ECGTableViewCell.m in Sources */ = {isa = PBXBuildFile; fileRef = 2B64A40D1E9CD5EC005E93BD /* ECGTableViewCell.m */; };
		2B66DA781EA070A6005A41C3 /* Ear.storyboard in Resources */ = {isa = PBXBuildFile; fileRef = 2B66DA771EA070A6005A41C3 /* Ear.storyboard */; };
		2B66DA7B1EA0AC10005A41C3 /* EarMeasureViewController.m in Sources */ = {isa = PBXBuildFile; fileRef = 2B66DA7A1EA0AC10005A41C3 /* EarMeasureViewController.m */; };
		2B66DA7E1EA0AC27005A41C3 /* EarStatisticsViewController.m in Sources */ = {isa = PBXBuildFile; fileRef = 2B66DA7D1EA0AC27005A41C3 /* EarStatisticsViewController.m */; };
		2B66DA801EA0B0B7005A41C3 /* FatScale.storyboard in Resources */ = {isa = PBXBuildFile; fileRef = 2B66DA7F1EA0B0B7005A41C3 /* FatScale.storyboard */; };
		2B66DA831EA0CF23005A41C3 /* WeighViewController.m in Sources */ = {isa = PBXBuildFile; fileRef = 2B66DA821EA0CF23005A41C3 /* WeighViewController.m */; };
		2B66DA861EA0CF49005A41C3 /* HistoryRecordViewController.m in Sources */ = {isa = PBXBuildFile; fileRef = 2B66DA851EA0CF49005A41C3 /* HistoryRecordViewController.m */; };
		2B6EFBA81EA862A80058FE28 /* Ecg_structureModel.m in Sources */ = {isa = PBXBuildFile; fileRef = 2B6EFBA71EA862A80058FE28 /* Ecg_structureModel.m */; };
		2B6EFBAB1EA88AAB0058FE28 /* FatMonitorModel.m in Sources */ = {isa = PBXBuildFile; fileRef = 2B6EFBAA1EA88AAB0058FE28 /* FatMonitorModel.m */; };
		2B6EFBAE1EA88B230058FE28 /* PulseMeterModel.m in Sources */ = {isa = PBXBuildFile; fileRef = 2B6EFBAD1EA88B230058FE28 /* PulseMeterModel.m */; };
		2B6EFBB11EA88B4D0058FE28 /* BgmModel.m in Sources */ = {isa = PBXBuildFile; fileRef = 2B6EFBB01EA88B4D0058FE28 /* BgmModel.m */; };
		2B6EFBB41EA89BB90058FE28 /* BpmModel.m in Sources */ = {isa = PBXBuildFile; fileRef = 2B6EFBB31EA89BB90058FE28 /* BpmModel.m */; };
		2B6F53081EA5ADD800449A02 /* UserTableViewCell.m in Sources */ = {isa = PBXBuildFile; fileRef = 2B6F53071EA5ADD800449A02 /* UserTableViewCell.m */; };
		2B6F53111EA5BC9300449A02 /* NSDate+Extension.m in Sources */ = {isa = PBXBuildFile; fileRef = 2B6F530B1EA5BC9300449A02 /* NSDate+Extension.m */; };
		2B6F53121EA5BC9300449A02 /* UIView+Extension.m in Sources */ = {isa = PBXBuildFile; fileRef = 2B6F530D1EA5BC9300449A02 /* UIView+Extension.m */; };
		2B6F53131EA5BC9300449A02 /* WSDatePickerView.m in Sources */ = {isa = PBXBuildFile; fileRef = 2B6F530F1EA5BC9300449A02 /* WSDatePickerView.m */; };
		2B6F53141EA5BC9300449A02 /* WSDatePickerView.xib in Resources */ = {isa = PBXBuildFile; fileRef = 2B6F53101EA5BC9300449A02 /* WSDatePickerView.xib */; };
		2B6F53171EA6141500449A02 /* User.storyboard in Resources */ = {isa = PBXBuildFile; fileRef = 2B6F53151EA6141500449A02 /* User.storyboard */; };
		2B6FA4921E9DD70B0035281D /* ECGViewController.m in Sources */ = {isa = PBXBuildFile; fileRef = 2B6FA4911E9DD70B0035281D /* ECGViewController.m */; };
		2B6FA4951E9DD77D0035281D /* ECG_DetailsViewController.m in Sources */ = {isa = PBXBuildFile; fileRef = 2B6FA4941E9DD77D0035281D /* ECG_DetailsViewController.m */; };
		2B6FA4AB1E9E04A90035281D /* BGM.storyboard in Resources */ = {isa = PBXBuildFile; fileRef = 2B6FA4AA1E9E04A90035281D /* BGM.storyboard */; };
		2B6FA4AE1E9E0CE80035281D /* BGMViewController.m in Sources */ = {isa = PBXBuildFile; fileRef = 2B6FA4AD1E9E0CE80035281D /* BGMViewController.m */; };
		2B6FA4B21E9E300F0035281D /* PublicView.m in Sources */ = {isa = PBXBuildFile; fileRef = 2B6FA4B11E9E300F0035281D /* PublicView.m */; };
		2B6FA4B41E9E30350035281D /* PublicView.xib in Resources */ = {isa = PBXBuildFile; fileRef = 2B6FA4B31E9E30350035281D /* PublicView.xib */; };
		2B793A361EA738C300FFEECB /* BloodModel.m in Sources */ = {isa = PBXBuildFile; fileRef = 2B793A351EA738C300FFEECB /* BloodModel.m */; };
		2B7B119D1E9F266800951E37 /* BPM.storyboard in Resources */ = {isa = PBXBuildFile; fileRef = 2B7B119C1E9F266800951E37 /* BPM.storyboard */; };
		2B7B11A01E9F4C7200951E37 /* MeasureViewController.m in Sources */ = {isa = PBXBuildFile; fileRef = 2B7B119F1E9F4C7200951E37 /* MeasureViewController.m */; };
		2B7B11A31E9F4CAE00951E37 /* StatisticsViewController.m in Sources */ = {isa = PBXBuildFile; fileRef = 2B7B11A21E9F4CAE00951E37 /* StatisticsViewController.m */; };
		2B7BFC5A1EA45AEE00D73C01 /* Pulse.storyboard in Resources */ = {isa = PBXBuildFile; fileRef = 2B7BFC591EA45AEE00D73C01 /* Pulse.storyboard */; };
		2B7BFC5D1EA493D500D73C01 /* PulseMeterViewController.m in Sources */ = {isa = PBXBuildFile; fileRef = 2B7BFC5C1EA493D500D73C01 /* PulseMeterViewController.m */; };
		2B7BFC601EA4941B00D73C01 /* FatMonitorViewController.m in Sources */ = {isa = PBXBuildFile; fileRef = 2B7BFC5F1EA4941B00D73C01 /* FatMonitorViewController.m */; };
		2B7BFC631EA4BF3A00D73C01 /* ModifyViewController.m in Sources */ = {isa = PBXBuildFile; fileRef = 2B7BFC621EA4BF3A00D73C01 /* ModifyViewController.m */; };
		2B7BFC661EA4C75500D73C01 /* UserInfoModel.m in Sources */ = {isa = PBXBuildFile; fileRef = 2B7BFC651EA4C75500D73C01 /* UserInfoModel.m */; };
		2B9DF7061E961F25004E79FF /* LayerCoreRadius.m in Sources */ = {isa = PBXBuildFile; fileRef = 2B9DF7051E961F25004E79FF /* LayerCoreRadius.m */; };
		2B9DF70C1E9630C1004E79FF /* MBProgressHUD+GSProgressHUD.m in Sources */ = {isa = PBXBuildFile; fileRef = 2B9DF70B1E9630C1004E79FF /* MBProgressHUD+GSProgressHUD.m */; };
		2B9DF7101E964502004E79FF /* MBProgressHUD.bundle in Resources */ = {isa = PBXBuildFile; fileRef = 2B9DF70D1E964502004E79FF /* MBProgressHUD.bundle */; };
		2B9DF7111E964502004E79FF /* MBProgressHUD+MJ.m in Sources */ = {isa = PBXBuildFile; fileRef = 2B9DF70F1E964502004E79FF /* MBProgressHUD+MJ.m */; };
		2BC32B7B1E8DFCBA00020BFE /* main.m in Sources */ = {isa = PBXBuildFile; fileRef = 2BC32B7A1E8DFCBA00020BFE /* main.m */; };
		2BC32B7E1E8DFCBA00020BFE /* AppDelegate.m in Sources */ = {isa = PBXBuildFile; fileRef = 2BC32B7D1E8DFCBA00020BFE /* AppDelegate.m */; };
		2BC32B841E8DFCBA00020BFE /* Main.storyboard in Resources */ = {isa = PBXBuildFile; fileRef = 2BC32B821E8DFCBA00020BFE /* Main.storyboard */; };
		2BC32B861E8DFCBA00020BFE /* Assets.xcassets in Resources */ = {isa = PBXBuildFile; fileRef = 2BC32B851E8DFCBA00020BFE /* Assets.xcassets */; };
		2BC32B891E8DFCBA00020BFE /* LaunchScreen.storyboard in Resources */ = {isa = PBXBuildFile; fileRef = 2BC32B871E8DFCBA00020BFE /* LaunchScreen.storyboard */; };
		2BC32B941E8DFCBA00020BFE /* HealthMonitorTests.m in Sources */ = {isa = PBXBuildFile; fileRef = 2BC32B931E8DFCBA00020BFE /* HealthMonitorTests.m */; };
		2BC32B9F1E8DFCBA00020BFE /* HealthMonitorUITests.m in Sources */ = {isa = PBXBuildFile; fileRef = 2BC32B9E1E8DFCBA00020BFE /* HealthMonitorUITests.m */; };
		9EA98D8C8013A487027943EB /* libPods-HealthMonitor.a in Frameworks */ = {isa = PBXBuildFile; fileRef = B804FF18FCDE83380A927DAD /* libPods-HealthMonitor.a */; };
/* End PBXBuildFile section */

/* Begin PBXContainerItemProxy section */
		2BC32B901E8DFCBA00020BFE /* PBXContainerItemProxy */ = {
			isa = PBXContainerItemProxy;
			containerPortal = 2BC32B6E1E8DFCBA00020BFE /* Project object */;
			proxyType = 1;
			remoteGlobalIDString = 2BC32B751E8DFCBA00020BFE;
			remoteInfo = HealthMonitor;
		};
		2BC32B9B1E8DFCBA00020BFE /* PBXContainerItemProxy */ = {
			isa = PBXContainerItemProxy;
			containerPortal = 2BC32B6E1E8DFCBA00020BFE /* Project object */;
			proxyType = 1;
			remoteGlobalIDString = 2BC32B751E8DFCBA00020BFE;
			remoteInfo = HealthMonitor;
		};
/* End PBXContainerItemProxy section */

/* Begin PBXFileReference section */
		24933361653136DE7157BAE4 /* Pods-HealthMonitor.release.xcconfig */ = {isa = PBXFileReference; includeInIndex = 1; lastKnownFileType = text.xcconfig; name = "Pods-HealthMonitor.release.xcconfig"; path = "Pods/Target Support Files/Pods-HealthMonitor/Pods-HealthMonitor.release.xcconfig"; sourceTree = "<group>"; };
		2B016CD81E94CE350019736C /* NSData+CCCryptUtil.h */ = {isa = PBXFileReference; fileEncoding = 4; lastKnownFileType = sourcecode.c.h; path = "NSData+CCCryptUtil.h"; sourceTree = "<group>"; };
		2B016CD91E94CE350019736C /* NSData+CCCryptUtil.m */ = {isa = PBXFileReference; fileEncoding = 4; lastKnownFileType = sourcecode.c.objc; path = "NSData+CCCryptUtil.m"; sourceTree = "<group>"; };
		2B016CDA1E94CE350019736C /* NSString+Hash.h */ = {isa = PBXFileReference; fileEncoding = 4; lastKnownFileType = sourcecode.c.h; path = "NSString+Hash.h"; sourceTree = "<group>"; };
		2B016CDB1E94CE350019736C /* NSString+Hash.m */ = {isa = PBXFileReference; fileEncoding = 4; lastKnownFileType = sourcecode.c.objc; path = "NSString+Hash.m"; sourceTree = "<group>"; };
		2B016CDD1E94CE350019736C /* ValidateHelper.h */ = {isa = PBXFileReference; fileEncoding = 4; lastKnownFileType = sourcecode.c.h; path = ValidateHelper.h; sourceTree = "<group>"; };
		2B016CDE1E94CE350019736C /* ValidateHelper.m */ = {isa = PBXFileReference; fileEncoding = 4; lastKnownFileType = sourcecode.c.objc; path = ValidateHelper.m; sourceTree = "<group>"; };
		2B016CE11E94CE350019736C /* ColorDefine.h */ = {isa = PBXFileReference; fileEncoding = 4; lastKnownFileType = sourcecode.c.h; path = ColorDefine.h; sourceTree = "<group>"; };
		2B016CE21E94CE350019736C /* FontDefine.h */ = {isa = PBXFileReference; fileEncoding = 4; lastKnownFileType = sourcecode.c.h; path = FontDefine.h; sourceTree = "<group>"; };
		2B016CE31E94CE350019736C /* FrameDefine.h */ = {isa = PBXFileReference; fileEncoding = 4; lastKnownFileType = sourcecode.c.h; path = FrameDefine.h; sourceTree = "<group>"; };
		2B016CE41E94CE350019736C /* PathDefine.h */ = {isa = PBXFileReference; fileEncoding = 4; lastKnownFileType = sourcecode.c.h; path = PathDefine.h; sourceTree = "<group>"; };
		2B016CE51E94CE350019736C /* SystemDefine.h */ = {isa = PBXFileReference; fileEncoding = 4; lastKnownFileType = sourcecode.c.h; path = SystemDefine.h; sourceTree = "<group>"; };
		2B016CE61E94CE350019736C /* UtilsDefine.h */ = {isa = PBXFileReference; fileEncoding = 4; lastKnownFileType = sourcecode.c.h; path = UtilsDefine.h; sourceTree = "<group>"; };
		2B016CE81E94CE350019736C /* FieldDefine.h */ = {isa = PBXFileReference; fileEncoding = 4; lastKnownFileType = sourcecode.c.h; path = FieldDefine.h; sourceTree = "<group>"; };
		2B016CE91E94CE350019736C /* RequestDefine.h */ = {isa = PBXFileReference; fileEncoding = 4; lastKnownFileType = sourcecode.c.h; path = RequestDefine.h; sourceTree = "<group>"; };
		2B016D161E94D1240019736C /* RequestManager.h */ = {isa = PBXFileReference; fileEncoding = 4; lastKnownFileType = sourcecode.c.h; path = RequestManager.h; sourceTree = "<group>"; };
		2B016D171E94D1240019736C /* RequestManager.m */ = {isa = PBXFileReference; fileEncoding = 4; lastKnownFileType = sourcecode.c.objc; path = RequestManager.m; sourceTree = "<group>"; };
		2B016D1C1E94DD480019736C /* AOLinkedStoryboardSegue.h */ = {isa = PBXFileReference; fileEncoding = 4; lastKnownFileType = sourcecode.c.h; path = AOLinkedStoryboardSegue.h; sourceTree = "<group>"; };
		2B016D1D1E94DD480019736C /* AOLinkedStoryboardSegue.m */ = {isa = PBXFileReference; fileEncoding = 4; lastKnownFileType = sourcecode.c.objc; path = AOLinkedStoryboardSegue.m; sourceTree = "<group>"; };
		2B016D1F1E94E2420019736C /* CZUserDefalt.h */ = {isa = PBXFileReference; fileEncoding = 4; lastKnownFileType = sourcecode.c.h; path = CZUserDefalt.h; sourceTree = "<group>"; };
		2B016D201E94E2420019736C /* CZUserDefalt.m */ = {isa = PBXFileReference; fileEncoding = 4; lastKnownFileType = sourcecode.c.objc; path = CZUserDefalt.m; sourceTree = "<group>"; };
		2B016D211E94E2420019736C /* User.h */ = {isa = PBXFileReference; fileEncoding = 4; lastKnownFileType = sourcecode.c.h; path = User.h; sourceTree = "<group>"; };
		2B016D221E94E2420019736C /* User.m */ = {isa = PBXFileReference; fileEncoding = 4; lastKnownFileType = sourcecode.c.objc; path = User.m; sourceTree = "<group>"; };
		2B016D231E94E2420019736C /* XHContext.h */ = {isa = PBXFileReference; fileEncoding = 4; lastKnownFileType = sourcecode.c.h; path = XHContext.h; sourceTree = "<group>"; };
		2B016D241E94E2420019736C /* XHContext.m */ = {isa = PBXFileReference; fileEncoding = 4; lastKnownFileType = sourcecode.c.objc; path = XHContext.m; sourceTree = "<group>"; };
		2B64A3BB1E9C7F6D005E93BD /* HomeViewController.h */ = {isa = PBXFileReference; fileEncoding = 4; lastKnownFileType = sourcecode.c.h; path = HomeViewController.h; sourceTree = "<group>"; };
		2B64A3BC1E9C7F6D005E93BD /* HomeViewController.m */ = {isa = PBXFileReference; fileEncoding = 4; lastKnownFileType = sourcecode.c.objc; path = HomeViewController.m; sourceTree = "<group>"; };
		2B64A3C11E9C7F6D005E93BD /* ForgetViewController.h */ = {isa = PBXFileReference; fileEncoding = 4; lastKnownFileType = sourcecode.c.h; path = ForgetViewController.h; sourceTree = "<group>"; };
		2B64A3C21E9C7F6D005E93BD /* ForgetViewController.m */ = {isa = PBXFileReference; fileEncoding = 4; lastKnownFileType = sourcecode.c.objc; path = ForgetViewController.m; sourceTree = "<group>"; };
		2B64A3C31E9C7F6D005E93BD /* LoginViewController.h */ = {isa = PBXFileReference; fileEncoding = 4; lastKnownFileType = sourcecode.c.h; path = LoginViewController.h; sourceTree = "<group>"; };
		2B64A3C41E9C7F6D005E93BD /* LoginViewController.m */ = {isa = PBXFileReference; fileEncoding = 4; lastKnownFileType = sourcecode.c.objc; path = LoginViewController.m; sourceTree = "<group>"; };
		2B64A3C51E9C7F6D005E93BD /* RegistViewController.h */ = {isa = PBXFileReference; fileEncoding = 4; lastKnownFileType = sourcecode.c.h; path = RegistViewController.h; sourceTree = "<group>"; };
		2B64A3C61E9C7F6D005E93BD /* RegistViewController.m */ = {isa = PBXFileReference; fileEncoding = 4; lastKnownFileType = sourcecode.c.objc; path = RegistViewController.m; sourceTree = "<group>"; };
		2B64A3D11E9C7F6D005E93BD /* UserViewController.h */ = {isa = PBXFileReference; fileEncoding = 4; lastKnownFileType = sourcecode.c.h; path = UserViewController.h; sourceTree = "<group>"; };
		2B64A3D21E9C7F6D005E93BD /* UserViewController.m */ = {isa = PBXFileReference; fileEncoding = 4; lastKnownFileType = sourcecode.c.objc; path = UserViewController.m; sourceTree = "<group>"; };
		2B64A3EA1E9C80E1005E93BD /* NewUserViewController.h */ = {isa = PBXFileReference; fileEncoding = 4; lastKnownFileType = sourcecode.c.h; path = NewUserViewController.h; sourceTree = "<group>"; };
		2B64A3EB1E9C80E1005E93BD /* NewUserViewController.m */ = {isa = PBXFileReference; fileEncoding = 4; lastKnownFileType = sourcecode.c.objc; path = NewUserViewController.m; sourceTree = "<group>"; };
		2B64A3F11E9C849C005E93BD /* Alk.storyboard */ = {isa = PBXFileReference; fileEncoding = 4; lastKnownFileType = file.storyboard; path = Alk.storyboard; sourceTree = "<group>"; };
		2B64A3F31E9CAAB6005E93BD /* AlkBGMViewController.h */ = {isa = PBXFileReference; fileEncoding = 4; lastKnownFileType = sourcecode.c.h; path = AlkBGMViewController.h; sourceTree = "<group>"; };
		2B64A3F41E9CAAB6005E93BD /* AlkBGMViewController.m */ = {isa = PBXFileReference; fileEncoding = 4; lastKnownFileType = sourcecode.c.objc; path = AlkBGMViewController.m; sourceTree = "<group>"; };
		2B64A3FA1E9CABE0005E93BD /* Fat.storyboard */ = {isa = PBXFileReference; fileEncoding = 4; lastKnownFileType = file.storyboard; path = Fat.storyboard; sourceTree = "<group>"; };
		2B64A4011E9CC7AD005E93BD /* ListTableViewCell.h */ = {isa = PBXFileReference; fileEncoding = 4; lastKnownFileType = sourcecode.c.h; path = ListTableViewCell.h; sourceTree = "<group>"; };
		2B64A4021E9CC7AD005E93BD /* ListTableViewCell.m */ = {isa = PBXFileReference; fileEncoding = 4; lastKnownFileType = sourcecode.c.objc; path = ListTableViewCell.m; sourceTree = "<group>"; };
		2B64A4031E9CC7AD005E93BD /* ListTableViewCell.xib */ = {isa = PBXFileReference; fileEncoding = 4; lastKnownFileType = file.xib; path = ListTableViewCell.xib; sourceTree = "<group>"; };
		2B64A40A1E9CD236005E93BD /* ECG.storyboard */ = {isa = PBXFileReference; fileEncoding = 4; lastKnownFileType = file.storyboard; path = ECG.storyboard; sourceTree = "<group>"; };
		2B64A40C1E9CD5EC005E93BD /* ECGTableViewCell.h */ = {isa = PBXFileReference; fileEncoding = 4; lastKnownFileType = sourcecode.c.h; path = ECGTableViewCell.h; sourceTree = "<group>"; };
		2B64A40D1E9CD5EC005E93BD /* ECGTableViewCell.m */ = {isa = PBXFileReference; fileEncoding = 4; lastKnownFileType = sourcecode.c.objc; path = ECGTableViewCell.m; sourceTree = "<group>"; };
		2B66DA771EA070A6005A41C3 /* Ear.storyboard */ = {isa = PBXFileReference; fileEncoding = 4; lastKnownFileType = file.storyboard; path = Ear.storyboard; sourceTree = "<group>"; };
		2B66DA791EA0AC10005A41C3 /* EarMeasureViewController.h */ = {isa = PBXFileReference; fileEncoding = 4; lastKnownFileType = sourcecode.c.h; path = EarMeasureViewController.h; sourceTree = "<group>"; };
		2B66DA7A1EA0AC10005A41C3 /* EarMeasureViewController.m */ = {isa = PBXFileReference; fileEncoding = 4; lastKnownFileType = sourcecode.c.objc; path = EarMeasureViewController.m; sourceTree = "<group>"; };
		2B66DA7C1EA0AC27005A41C3 /* EarStatisticsViewController.h */ = {isa = PBXFileReference; fileEncoding = 4; lastKnownFileType = sourcecode.c.h; path = EarStatisticsViewController.h; sourceTree = "<group>"; };
		2B66DA7D1EA0AC27005A41C3 /* EarStatisticsViewController.m */ = {isa = PBXFileReference; fileEncoding = 4; lastKnownFileType = sourcecode.c.objc; path = EarStatisticsViewController.m; sourceTree = "<group>"; };
		2B66DA7F1EA0B0B7005A41C3 /* FatScale.storyboard */ = {isa = PBXFileReference; fileEncoding = 4; lastKnownFileType = file.storyboard; path = FatScale.storyboard; sourceTree = "<group>"; };
		2B66DA811EA0CF23005A41C3 /* WeighViewController.h */ = {isa = PBXFileReference; fileEncoding = 4; lastKnownFileType = sourcecode.c.h; path = WeighViewController.h; sourceTree = "<group>"; };
		2B66DA821EA0CF23005A41C3 /* WeighViewController.m */ = {isa = PBXFileReference; fileEncoding = 4; lastKnownFileType = sourcecode.c.objc; path = WeighViewController.m; sourceTree = "<group>"; };
		2B66DA841EA0CF49005A41C3 /* HistoryRecordViewController.h */ = {isa = PBXFileReference; fileEncoding = 4; lastKnownFileType = sourcecode.c.h; path = HistoryRecordViewController.h; sourceTree = "<group>"; };
		2B66DA851EA0CF49005A41C3 /* HistoryRecordViewController.m */ = {isa = PBXFileReference; fileEncoding = 4; lastKnownFileType = sourcecode.c.objc; path = HistoryRecordViewController.m; sourceTree = "<group>"; };
		2B6EFBA61EA862A80058FE28 /* Ecg_structureModel.h */ = {isa = PBXFileReference; fileEncoding = 4; lastKnownFileType = sourcecode.c.h; path = Ecg_structureModel.h; sourceTree = "<group>"; };
		2B6EFBA71EA862A80058FE28 /* Ecg_structureModel.m */ = {isa = PBXFileReference; fileEncoding = 4; lastKnownFileType = sourcecode.c.objc; path = Ecg_structureModel.m; sourceTree = "<group>"; };
		2B6EFBA91EA88AAB0058FE28 /* FatMonitorModel.h */ = {isa = PBXFileReference; fileEncoding = 4; lastKnownFileType = sourcecode.c.h; path = FatMonitorModel.h; sourceTree = "<group>"; };
		2B6EFBAA1EA88AAB0058FE28 /* FatMonitorModel.m */ = {isa = PBXFileReference; fileEncoding = 4; lastKnownFileType = sourcecode.c.objc; path = FatMonitorModel.m; sourceTree = "<group>"; };
		2B6EFBAC1EA88B230058FE28 /* PulseMeterModel.h */ = {isa = PBXFileReference; fileEncoding = 4; lastKnownFileType = sourcecode.c.h; path = PulseMeterModel.h; sourceTree = "<group>"; };
		2B6EFBAD1EA88B230058FE28 /* PulseMeterModel.m */ = {isa = PBXFileReference; fileEncoding = 4; lastKnownFileType = sourcecode.c.objc; path = PulseMeterModel.m; sourceTree = "<group>"; };
		2B6EFBAF1EA88B4D0058FE28 /* BgmModel.h */ = {isa = PBXFileReference; fileEncoding = 4; lastKnownFileType = sourcecode.c.h; path = BgmModel.h; sourceTree = "<group>"; };
		2B6EFBB01EA88B4D0058FE28 /* BgmModel.m */ = {isa = PBXFileReference; fileEncoding = 4; lastKnownFileType = sourcecode.c.objc; path = BgmModel.m; sourceTree = "<group>"; };
		2B6EFBB21EA89BB90058FE28 /* BpmModel.h */ = {isa = PBXFileReference; fileEncoding = 4; lastKnownFileType = sourcecode.c.h; path = BpmModel.h; sourceTree = "<group>"; };
		2B6EFBB31EA89BB90058FE28 /* BpmModel.m */ = {isa = PBXFileReference; fileEncoding = 4; lastKnownFileType = sourcecode.c.objc; path = BpmModel.m; sourceTree = "<group>"; };
		2B6F53061EA5ADD800449A02 /* UserTableViewCell.h */ = {isa = PBXFileReference; fileEncoding = 4; lastKnownFileType = sourcecode.c.h; path = UserTableViewCell.h; sourceTree = "<group>"; };
		2B6F53071EA5ADD800449A02 /* UserTableViewCell.m */ = {isa = PBXFileReference; fileEncoding = 4; lastKnownFileType = sourcecode.c.objc; path = UserTableViewCell.m; sourceTree = "<group>"; };
		2B6F530A1EA5BC9300449A02 /* NSDate+Extension.h */ = {isa = PBXFileReference; fileEncoding = 4; lastKnownFileType = sourcecode.c.h; path = "NSDate+Extension.h"; sourceTree = "<group>"; };
		2B6F530B1EA5BC9300449A02 /* NSDate+Extension.m */ = {isa = PBXFileReference; fileEncoding = 4; lastKnownFileType = sourcecode.c.objc; path = "NSDate+Extension.m"; sourceTree = "<group>"; };
		2B6F530C1EA5BC9300449A02 /* UIView+Extension.h */ = {isa = PBXFileReference; fileEncoding = 4; lastKnownFileType = sourcecode.c.h; path = "UIView+Extension.h"; sourceTree = "<group>"; };
		2B6F530D1EA5BC9300449A02 /* UIView+Extension.m */ = {isa = PBXFileReference; fileEncoding = 4; lastKnownFileType = sourcecode.c.objc; path = "UIView+Extension.m"; sourceTree = "<group>"; };
		2B6F530E1EA5BC9300449A02 /* WSDatePickerView.h */ = {isa = PBXFileReference; fileEncoding = 4; lastKnownFileType = sourcecode.c.h; path = WSDatePickerView.h; sourceTree = "<group>"; };
		2B6F530F1EA5BC9300449A02 /* WSDatePickerView.m */ = {isa = PBXFileReference; fileEncoding = 4; lastKnownFileType = sourcecode.c.objc; path = WSDatePickerView.m; sourceTree = "<group>"; };
		2B6F53101EA5BC9300449A02 /* WSDatePickerView.xib */ = {isa = PBXFileReference; fileEncoding = 4; lastKnownFileType = file.xib; path = WSDatePickerView.xib; sourceTree = "<group>"; };
		2B6F53161EA6141500449A02 /* Base */ = {isa = PBXFileReference; lastKnownFileType = file.storyboard; name = Base; path = Controller/Base.lproj/User.storyboard; sourceTree = "<group>"; };
		2B6FA4901E9DD70B0035281D /* ECGViewController.h */ = {isa = PBXFileReference; fileEncoding = 4; lastKnownFileType = sourcecode.c.h; path = ECGViewController.h; sourceTree = "<group>"; };
		2B6FA4911E9DD70B0035281D /* ECGViewController.m */ = {isa = PBXFileReference; fileEncoding = 4; lastKnownFileType = sourcecode.c.objc; path = ECGViewController.m; sourceTree = "<group>"; };
		2B6FA4931E9DD77D0035281D /* ECG_DetailsViewController.h */ = {isa = PBXFileReference; fileEncoding = 4; lastKnownFileType = sourcecode.c.h; path = ECG_DetailsViewController.h; sourceTree = "<group>"; };
		2B6FA4941E9DD77D0035281D /* ECG_DetailsViewController.m */ = {isa = PBXFileReference; fileEncoding = 4; lastKnownFileType = sourcecode.c.objc; path = ECG_DetailsViewController.m; sourceTree = "<group>"; };
		2B6FA4AA1E9E04A90035281D /* BGM.storyboard */ = {isa = PBXFileReference; fileEncoding = 4; lastKnownFileType = file.storyboard; path = BGM.storyboard; sourceTree = "<group>"; };
		2B6FA4AC1E9E0CE80035281D /* BGMViewController.h */ = {isa = PBXFileReference; fileEncoding = 4; lastKnownFileType = sourcecode.c.h; path = BGMViewController.h; sourceTree = "<group>"; };
		2B6FA4AD1E9E0CE80035281D /* BGMViewController.m */ = {isa = PBXFileReference; fileEncoding = 4; lastKnownFileType = sourcecode.c.objc; path = BGMViewController.m; sourceTree = "<group>"; };
		2B6FA4B01E9E300F0035281D /* PublicView.h */ = {isa = PBXFileReference; fileEncoding = 4; lastKnownFileType = sourcecode.c.h; path = PublicView.h; sourceTree = "<group>"; };
		2B6FA4B11E9E300F0035281D /* PublicView.m */ = {isa = PBXFileReference; fileEncoding = 4; lastKnownFileType = sourcecode.c.objc; path = PublicView.m; sourceTree = "<group>"; };
		2B6FA4B31E9E30350035281D /* PublicView.xib */ = {isa = PBXFileReference; fileEncoding = 4; lastKnownFileType = file.xib; path = PublicView.xib; sourceTree = "<group>"; };
		2B793A341EA738C300FFEECB /* BloodModel.h */ = {isa = PBXFileReference; fileEncoding = 4; lastKnownFileType = sourcecode.c.h; path = BloodModel.h; sourceTree = "<group>"; };
		2B793A351EA738C300FFEECB /* BloodModel.m */ = {isa = PBXFileReference; fileEncoding = 4; lastKnownFileType = sourcecode.c.objc; path = BloodModel.m; sourceTree = "<group>"; };
		2B7B119C1E9F266800951E37 /* BPM.storyboard */ = {isa = PBXFileReference; fileEncoding = 4; lastKnownFileType = file.storyboard; path = BPM.storyboard; sourceTree = "<group>"; };
		2B7B119E1E9F4C7200951E37 /* MeasureViewController.h */ = {isa = PBXFileReference; fileEncoding = 4; lastKnownFileType = sourcecode.c.h; path = MeasureViewController.h; sourceTree = "<group>"; };
		2B7B119F1E9F4C7200951E37 /* MeasureViewController.m */ = {isa = PBXFileReference; fileEncoding = 4; lastKnownFileType = sourcecode.c.objc; path = MeasureViewController.m; sourceTree = "<group>"; };
		2B7B11A11E9F4CAE00951E37 /* StatisticsViewController.h */ = {isa = PBXFileReference; fileEncoding = 4; lastKnownFileType = sourcecode.c.h; path = StatisticsViewController.h; sourceTree = "<group>"; };
		2B7B11A21E9F4CAE00951E37 /* StatisticsViewController.m */ = {isa = PBXFileReference; fileEncoding = 4; lastKnownFileType = sourcecode.c.objc; path = StatisticsViewController.m; sourceTree = "<group>"; };
		2B7BFC591EA45AEE00D73C01 /* Pulse.storyboard */ = {isa = PBXFileReference; fileEncoding = 4; lastKnownFileType = file.storyboard; path = Pulse.storyboard; sourceTree = "<group>"; };
		2B7BFC5B1EA493D500D73C01 /* PulseMeterViewController.h */ = {isa = PBXFileReference; fileEncoding = 4; lastKnownFileType = sourcecode.c.h; path = PulseMeterViewController.h; sourceTree = "<group>"; };
		2B7BFC5C1EA493D500D73C01 /* PulseMeterViewController.m */ = {isa = PBXFileReference; fileEncoding = 4; lastKnownFileType = sourcecode.c.objc; path = PulseMeterViewController.m; sourceTree = "<group>"; };
		2B7BFC5E1EA4941B00D73C01 /* FatMonitorViewController.h */ = {isa = PBXFileReference; fileEncoding = 4; lastKnownFileType = sourcecode.c.h; path = FatMonitorViewController.h; sourceTree = "<group>"; };
		2B7BFC5F1EA4941B00D73C01 /* FatMonitorViewController.m */ = {isa = PBXFileReference; fileEncoding = 4; lastKnownFileType = sourcecode.c.objc; path = FatMonitorViewController.m; sourceTree = "<group>"; };
		2B7BFC611EA4BF3A00D73C01 /* ModifyViewController.h */ = {isa = PBXFileReference; fileEncoding = 4; lastKnownFileType = sourcecode.c.h; path = ModifyViewController.h; sourceTree = "<group>"; };
		2B7BFC621EA4BF3A00D73C01 /* ModifyViewController.m */ = {isa = PBXFileReference; fileEncoding = 4; lastKnownFileType = sourcecode.c.objc; path = ModifyViewController.m; sourceTree = "<group>"; };
		2B7BFC641EA4C75500D73C01 /* UserInfoModel.h */ = {isa = PBXFileReference; fileEncoding = 4; lastKnownFileType = sourcecode.c.h; path = UserInfoModel.h; sourceTree = "<group>"; };
		2B7BFC651EA4C75500D73C01 /* UserInfoModel.m */ = {isa = PBXFileReference; fileEncoding = 4; lastKnownFileType = sourcecode.c.objc; path = UserInfoModel.m; sourceTree = "<group>"; };
		2B9DF7041E961F25004E79FF /* LayerCoreRadius.h */ = {isa = PBXFileReference; fileEncoding = 4; lastKnownFileType = sourcecode.c.h; path = LayerCoreRadius.h; sourceTree = "<group>"; };
		2B9DF7051E961F25004E79FF /* LayerCoreRadius.m */ = {isa = PBXFileReference; fileEncoding = 4; lastKnownFileType = sourcecode.c.objc; path = LayerCoreRadius.m; sourceTree = "<group>"; };
		2B9DF70A1E9630C1004E79FF /* MBProgressHUD+GSProgressHUD.h */ = {isa = PBXFileReference; fileEncoding = 4; lastKnownFileType = sourcecode.c.h; path = "MBProgressHUD+GSProgressHUD.h"; sourceTree = "<group>"; };
		2B9DF70B1E9630C1004E79FF /* MBProgressHUD+GSProgressHUD.m */ = {isa = PBXFileReference; fileEncoding = 4; lastKnownFileType = sourcecode.c.objc; path = "MBProgressHUD+GSProgressHUD.m"; sourceTree = "<group>"; };
		2B9DF70D1E964502004E79FF /* MBProgressHUD.bundle */ = {isa = PBXFileReference; lastKnownFileType = "wrapper.plug-in"; path = MBProgressHUD.bundle; sourceTree = "<group>"; };
		2B9DF70E1E964502004E79FF /* MBProgressHUD+MJ.h */ = {isa = PBXFileReference; fileEncoding = 4; lastKnownFileType = sourcecode.c.h; path = "MBProgressHUD+MJ.h"; sourceTree = "<group>"; };
		2B9DF70F1E964502004E79FF /* MBProgressHUD+MJ.m */ = {isa = PBXFileReference; fileEncoding = 4; lastKnownFileType = sourcecode.c.objc; path = "MBProgressHUD+MJ.m"; sourceTree = "<group>"; };
		2BA1196C1E947DCF0018827B /* HealthMonitor.pch */ = {isa = PBXFileReference; fileEncoding = 4; lastKnownFileType = sourcecode.c.h; path = HealthMonitor.pch; sourceTree = "<group>"; };
		2BC32B761E8DFCBA00020BFE /* HealthMonitor.app */ = {isa = PBXFileReference; explicitFileType = wrapper.application; includeInIndex = 0; path = HealthMonitor.app; sourceTree = BUILT_PRODUCTS_DIR; };
		2BC32B7A1E8DFCBA00020BFE /* main.m */ = {isa = PBXFileReference; lastKnownFileType = sourcecode.c.objc; path = main.m; sourceTree = "<group>"; };
		2BC32B7C1E8DFCBA00020BFE /* AppDelegate.h */ = {isa = PBXFileReference; lastKnownFileType = sourcecode.c.h; path = AppDelegate.h; sourceTree = "<group>"; };
		2BC32B7D1E8DFCBA00020BFE /* AppDelegate.m */ = {isa = PBXFileReference; lastKnownFileType = sourcecode.c.objc; path = AppDelegate.m; sourceTree = "<group>"; };
		2BC32B831E8DFCBA00020BFE /* Base */ = {isa = PBXFileReference; lastKnownFileType = file.storyboard; name = Base; path = Base.lproj/Main.storyboard; sourceTree = "<group>"; };
		2BC32B851E8DFCBA00020BFE /* Assets.xcassets */ = {isa = PBXFileReference; lastKnownFileType = folder.assetcatalog; path = Assets.xcassets; sourceTree = "<group>"; };
		2BC32B881E8DFCBA00020BFE /* Base */ = {isa = PBXFileReference; lastKnownFileType = file.storyboard; name = Base; path = Base.lproj/LaunchScreen.storyboard; sourceTree = "<group>"; };
		2BC32B8A1E8DFCBA00020BFE /* Info.plist */ = {isa = PBXFileReference; lastKnownFileType = text.plist.xml; path = Info.plist; sourceTree = "<group>"; };
		2BC32B8F1E8DFCBA00020BFE /* HealthMonitorTests.xctest */ = {isa = PBXFileReference; explicitFileType = wrapper.cfbundle; includeInIndex = 0; path = HealthMonitorTests.xctest; sourceTree = BUILT_PRODUCTS_DIR; };
		2BC32B931E8DFCBA00020BFE /* HealthMonitorTests.m */ = {isa = PBXFileReference; lastKnownFileType = sourcecode.c.objc; path = HealthMonitorTests.m; sourceTree = "<group>"; };
		2BC32B951E8DFCBA00020BFE /* Info.plist */ = {isa = PBXFileReference; lastKnownFileType = text.plist.xml; path = Info.plist; sourceTree = "<group>"; };
		2BC32B9A1E8DFCBA00020BFE /* HealthMonitorUITests.xctest */ = {isa = PBXFileReference; explicitFileType = wrapper.cfbundle; includeInIndex = 0; path = HealthMonitorUITests.xctest; sourceTree = BUILT_PRODUCTS_DIR; };
		2BC32B9E1E8DFCBA00020BFE /* HealthMonitorUITests.m */ = {isa = PBXFileReference; lastKnownFileType = sourcecode.c.objc; path = HealthMonitorUITests.m; sourceTree = "<group>"; };
		2BC32BA01E8DFCBA00020BFE /* Info.plist */ = {isa = PBXFileReference; lastKnownFileType = text.plist.xml; path = Info.plist; sourceTree = "<group>"; };
		79ABB91DE7731596A5AEBECB /* Pods-HealthMonitor.debug.xcconfig */ = {isa = PBXFileReference; includeInIndex = 1; lastKnownFileType = text.xcconfig; name = "Pods-HealthMonitor.debug.xcconfig"; path = "Pods/Target Support Files/Pods-HealthMonitor/Pods-HealthMonitor.debug.xcconfig"; sourceTree = "<group>"; };
		B804FF18FCDE83380A927DAD /* libPods-HealthMonitor.a */ = {isa = PBXFileReference; explicitFileType = archive.ar; includeInIndex = 0; path = "libPods-HealthMonitor.a"; sourceTree = BUILT_PRODUCTS_DIR; };
/* End PBXFileReference section */

/* Begin PBXFrameworksBuildPhase section */
		2BC32B731E8DFCBA00020BFE /* Frameworks */ = {
			isa = PBXFrameworksBuildPhase;
			buildActionMask = 2147483647;
			files = (
				9EA98D8C8013A487027943EB /* libPods-HealthMonitor.a in Frameworks */,
			);
			runOnlyForDeploymentPostprocessing = 0;
		};
		2BC32B8C1E8DFCBA00020BFE /* Frameworks */ = {
			isa = PBXFrameworksBuildPhase;
			buildActionMask = 2147483647;
			files = (
			);
			runOnlyForDeploymentPostprocessing = 0;
		};
		2BC32B971E8DFCBA00020BFE /* Frameworks */ = {
			isa = PBXFrameworksBuildPhase;
			buildActionMask = 2147483647;
			files = (
			);
			runOnlyForDeploymentPostprocessing = 0;
		};
/* End PBXFrameworksBuildPhase section */

/* Begin PBXGroup section */
		13DCED47F2E56C02EA833621 /* Frameworks */ = {
			isa = PBXGroup;
			children = (
				B804FF18FCDE83380A927DAD /* libPods-HealthMonitor.a */,
			);
			name = Frameworks;
			sourceTree = "<group>";
		};
		2B016CD41E94BF4A0019736C /* Common */ = {
			isa = PBXGroup;
			children = (
				2B016CD61E94CE350019736C /* General */,
			);
			path = Common;
			sourceTree = "<group>";
		};
		2B016CD61E94CE350019736C /* General */ = {
			isa = PBXGroup;
			children = (
				2B016CD71E94CE350019736C /* Extension(分类) */,
				2B016CDC1E94CE350019736C /* Helper(帮助) */,
				2B016CDF1E94CE350019736C /* Macro(宏) */,
				2B016CEB1E94CE350019736C /* Main(主要) */,
				2B016CFE1E94CE350019736C /* NetService(网络) */,
			);
			path = General;
			sourceTree = "<group>";
		};
		2B016CD71E94CE350019736C /* Extension(分类) */ = {
			isa = PBXGroup;
			children = (
				2B9DF70D1E964502004E79FF /* MBProgressHUD.bundle */,
				2B9DF70E1E964502004E79FF /* MBProgressHUD+MJ.h */,
				2B9DF70F1E964502004E79FF /* MBProgressHUD+MJ.m */,
				2B9DF70A1E9630C1004E79FF /* MBProgressHUD+GSProgressHUD.h */,
				2B9DF70B1E9630C1004E79FF /* MBProgressHUD+GSProgressHUD.m */,
				2B9DF7041E961F25004E79FF /* LayerCoreRadius.h */,
				2B9DF7051E961F25004E79FF /* LayerCoreRadius.m */,
				2B016D1C1E94DD480019736C /* AOLinkedStoryboardSegue.h */,
				2B016D1D1E94DD480019736C /* AOLinkedStoryboardSegue.m */,
				2B016CD81E94CE350019736C /* NSData+CCCryptUtil.h */,
				2B016CD91E94CE350019736C /* NSData+CCCryptUtil.m */,
				2B016CDA1E94CE350019736C /* NSString+Hash.h */,
				2B016CDB1E94CE350019736C /* NSString+Hash.m */,
			);
			path = "Extension(分类)";
			sourceTree = "<group>";
		};
		2B016CDC1E94CE350019736C /* Helper(帮助) */ = {
			isa = PBXGroup;
			children = (
				2B016CDD1E94CE350019736C /* ValidateHelper.h */,
				2B016CDE1E94CE350019736C /* ValidateHelper.m */,
			);
			path = "Helper(帮助)";
			sourceTree = "<group>";
		};
		2B016CDF1E94CE350019736C /* Macro(宏) */ = {
			isa = PBXGroup;
			children = (
				2B016CE01E94CE350019736C /* CommonDefine */,
				2B016CE71E94CE350019736C /* ProjectDefine */,
			);
			path = "Macro(宏)";
			sourceTree = "<group>";
		};
		2B016CE01E94CE350019736C /* CommonDefine */ = {
			isa = PBXGroup;
			children = (
				2B016CE11E94CE350019736C /* ColorDefine.h */,
				2B016CE21E94CE350019736C /* FontDefine.h */,
				2B016CE31E94CE350019736C /* FrameDefine.h */,
				2B016CE41E94CE350019736C /* PathDefine.h */,
				2B016CE51E94CE350019736C /* SystemDefine.h */,
				2B016CE61E94CE350019736C /* UtilsDefine.h */,
			);
			path = CommonDefine;
			sourceTree = "<group>";
		};
		2B016CE71E94CE350019736C /* ProjectDefine */ = {
			isa = PBXGroup;
			children = (
				2B016CE81E94CE350019736C /* FieldDefine.h */,
				2B016CE91E94CE350019736C /* RequestDefine.h */,
			);
			path = ProjectDefine;
			sourceTree = "<group>";
		};
		2B016CEB1E94CE350019736C /* Main(主要) */ = {
			isa = PBXGroup;
			children = (
			);
			path = "Main(主要)";
			sourceTree = "<group>";
		};
		2B016CFE1E94CE350019736C /* NetService(网络) */ = {
			isa = PBXGroup;
			children = (
				2B016D161E94D1240019736C /* RequestManager.h */,
				2B016D171E94D1240019736C /* RequestManager.m */,
				2B016D1F1E94E2420019736C /* CZUserDefalt.h */,
				2B016D201E94E2420019736C /* CZUserDefalt.m */,
				2B016D211E94E2420019736C /* User.h */,
				2B016D221E94E2420019736C /* User.m */,
				2B016D231E94E2420019736C /* XHContext.h */,
				2B016D241E94E2420019736C /* XHContext.m */,
			);
			path = "NetService(网络)";
			sourceTree = "<group>";
		};
		2B64A3B81E9C7F6D005E93BD /* Classes */ = {
			isa = PBXGroup;
			children = (
				2B64A3BF1E9C7F6D005E93BD /* Login */,
				2B64A3B91E9C7F6D005E93BD /* HomePage */,
				2B64A3CE1E9C7F6D005E93BD /* UserManagement */,
				2B6FA49E1E9E040D0035281D /* EarThermometer */,
				2B6FA4A21E9E041C0035281D /* FatScale */,
				2B6FA49A1E9E02F20035281D /* Sphygmomanometer */,
				2B6FA4961E9E02840035281D /* BloodGlucoseMeter */,
				2B6FA4A61E9E042A0035281D /* PulseMeter */,
				2B64A3ED1E9C841D005E93BD /* AlkBloodGlucoseMeter */,
				2B64A3F61E9CAB9E005E93BD /* FatMonitor */,
				2B64A4061E9CD1CE005E93BD /* ECG */,
				2B6FA4AF1E9E2F8B0035281D /* PublicListView */,
				2B64A3C91E9C7F6D005E93BD /* Storyboard */,
			);
			path = Classes;
			sourceTree = "<group>";
		};
		2B64A3B91E9C7F6D005E93BD /* HomePage */ = {
			isa = PBXGroup;
			children = (
				2B64A3BA1E9C7F6D005E93BD /* Controller */,
				2B64A3BD1E9C7F6D005E93BD /* Model */,
				2B64A3BE1E9C7F6D005E93BD /* View */,
			);
			path = HomePage;
			sourceTree = "<group>";
		};
		2B64A3BA1E9C7F6D005E93BD /* Controller */ = {
			isa = PBXGroup;
			children = (
				2B64A3BB1E9C7F6D005E93BD /* HomeViewController.h */,
				2B64A3BC1E9C7F6D005E93BD /* HomeViewController.m */,
			);
			path = Controller;
			sourceTree = "<group>";
		};
		2B64A3BD1E9C7F6D005E93BD /* Model */ = {
			isa = PBXGroup;
			children = (
			);
			path = Model;
			sourceTree = "<group>";
		};
		2B64A3BE1E9C7F6D005E93BD /* View */ = {
			isa = PBXGroup;
			children = (
			);
			path = View;
			sourceTree = "<group>";
		};
		2B64A3BF1E9C7F6D005E93BD /* Login */ = {
			isa = PBXGroup;
			children = (
				2B64A3C01E9C7F6D005E93BD /* Controller */,
				2B64A3C71E9C7F6D005E93BD /* Model */,
				2B64A3C81E9C7F6D005E93BD /* View */,
			);
			path = Login;
			sourceTree = "<group>";
		};
		2B64A3C01E9C7F6D005E93BD /* Controller */ = {
			isa = PBXGroup;
			children = (
				2B64A3C11E9C7F6D005E93BD /* ForgetViewController.h */,
				2B64A3C21E9C7F6D005E93BD /* ForgetViewController.m */,
				2B64A3C31E9C7F6D005E93BD /* LoginViewController.h */,
				2B64A3C41E9C7F6D005E93BD /* LoginViewController.m */,
				2B64A3C51E9C7F6D005E93BD /* RegistViewController.h */,
				2B64A3C61E9C7F6D005E93BD /* RegistViewController.m */,
			);
			path = Controller;
			sourceTree = "<group>";
		};
		2B64A3C71E9C7F6D005E93BD /* Model */ = {
			isa = PBXGroup;
			children = (
			);
			path = Model;
			sourceTree = "<group>";
		};
		2B64A3C81E9C7F6D005E93BD /* View */ = {
			isa = PBXGroup;
			children = (
			);
			path = View;
			sourceTree = "<group>";
		};
		2B64A3C91E9C7F6D005E93BD /* Storyboard */ = {
			isa = PBXGroup;
			children = (
			);
			path = Storyboard;
			sourceTree = "<group>";
		};
		2B64A3CE1E9C7F6D005E93BD /* UserManagement */ = {
			isa = PBXGroup;
			children = (
				2B6F53151EA6141500449A02 /* User.storyboard */,
				2B64A3D41E9C7F6D005E93BD /* View */,
				2B64A3D31E9C7F6D005E93BD /* Model */,
				2B64A3CF1E9C7F6D005E93BD /* Controller */,
				2B6F53091EA5BC9300449A02 /* WSDaePickerView */,
				2B64A3E61E9C80D2005E93BD /* NewUser */,
			);
			path = UserManagement;
			sourceTree = "<group>";
		};
		2B64A3CF1E9C7F6D005E93BD /* Controller */ = {
			isa = PBXGroup;
			children = (
				2B64A3D11E9C7F6D005E93BD /* UserViewController.h */,
				2B64A3D21E9C7F6D005E93BD /* UserViewController.m */,
			);
			path = Controller;
			sourceTree = "<group>";
		};
		2B64A3D31E9C7F6D005E93BD /* Model */ = {
			isa = PBXGroup;
			children = (
				2B7BFC641EA4C75500D73C01 /* UserInfoModel.h */,
				2B7BFC651EA4C75500D73C01 /* UserInfoModel.m */,
			);
			path = Model;
			sourceTree = "<group>";
		};
		2B64A3D41E9C7F6D005E93BD /* View */ = {
			isa = PBXGroup;
			children = (
				2B6F53061EA5ADD800449A02 /* UserTableViewCell.h */,
				2B6F53071EA5ADD800449A02 /* UserTableViewCell.m */,
			);
			path = View;
			sourceTree = "<group>";
		};
		2B64A3E61E9C80D2005E93BD /* NewUser */ = {
			isa = PBXGroup;
			children = (
				2B64A3E71E9C80D2005E93BD /* Controller */,
				2B64A3E81E9C80D2005E93BD /* Model */,
				2B64A3E91E9C80D2005E93BD /* View */,
			);
			path = NewUser;
			sourceTree = "<group>";
		};
		2B64A3E71E9C80D2005E93BD /* Controller */ = {
			isa = PBXGroup;
			children = (
				2B64A3EA1E9C80E1005E93BD /* NewUserViewController.h */,
				2B64A3EB1E9C80E1005E93BD /* NewUserViewController.m */,
				2B7BFC611EA4BF3A00D73C01 /* ModifyViewController.h */,
				2B7BFC621EA4BF3A00D73C01 /* ModifyViewController.m */,
			);
			path = Controller;
			sourceTree = "<group>";
		};
		2B64A3E81E9C80D2005E93BD /* Model */ = {
			isa = PBXGroup;
			children = (
			);
			path = Model;
			sourceTree = "<group>";
		};
		2B64A3E91E9C80D2005E93BD /* View */ = {
			isa = PBXGroup;
			children = (
			);
			path = View;
			sourceTree = "<group>";
		};
		2B64A3ED1E9C841D005E93BD /* AlkBloodGlucoseMeter */ = {
			isa = PBXGroup;
			children = (
				2B64A3EE1E9C841D005E93BD /* Controller */,
				2B64A3EF1E9C841D005E93BD /* Model */,
				2B64A3F01E9C841D005E93BD /* View */,
				2B64A3F11E9C849C005E93BD /* Alk.storyboard */,
			);
			path = AlkBloodGlucoseMeter;
			sourceTree = "<group>";
		};
		2B64A3EE1E9C841D005E93BD /* Controller */ = {
			isa = PBXGroup;
			children = (
				2B64A3F31E9CAAB6005E93BD /* AlkBGMViewController.h */,
				2B64A3F41E9CAAB6005E93BD /* AlkBGMViewController.m */,
			);
			path = Controller;
			sourceTree = "<group>";
		};
		2B64A3EF1E9C841D005E93BD /* Model */ = {
			isa = PBXGroup;
			children = (
				2B793A341EA738C300FFEECB /* BloodModel.h */,
				2B793A351EA738C300FFEECB /* BloodModel.m */,
			);
			path = Model;
			sourceTree = "<group>";
		};
		2B64A3F01E9C841D005E93BD /* View */ = {
			isa = PBXGroup;
			children = (
			);
			path = View;
			sourceTree = "<group>";
		};
		2B64A3F61E9CAB9E005E93BD /* FatMonitor */ = {
			isa = PBXGroup;
			children = (
				2B64A3F71E9CAB9E005E93BD /* Controller */,
				2B64A3F81E9CAB9E005E93BD /* Model */,
				2B64A3F91E9CAB9E005E93BD /* View */,
				2B64A3FA1E9CABE0005E93BD /* Fat.storyboard */,
			);
			path = FatMonitor;
			sourceTree = "<group>";
		};
		2B64A3F71E9CAB9E005E93BD /* Controller */ = {
			isa = PBXGroup;
			children = (
				2B7BFC5E1EA4941B00D73C01 /* FatMonitorViewController.h */,
				2B7BFC5F1EA4941B00D73C01 /* FatMonitorViewController.m */,
			);
			path = Controller;
			sourceTree = "<group>";
		};
		2B64A3F81E9CAB9E005E93BD /* Model */ = {
			isa = PBXGroup;
			children = (
				2B6EFBA91EA88AAB0058FE28 /* FatMonitorModel.h */,
				2B6EFBAA1EA88AAB0058FE28 /* FatMonitorModel.m */,
			);
			path = Model;
			sourceTree = "<group>";
		};
		2B64A3F91E9CAB9E005E93BD /* View */ = {
			isa = PBXGroup;
			children = (
				2B64A4011E9CC7AD005E93BD /* ListTableViewCell.h */,
				2B64A4021E9CC7AD005E93BD /* ListTableViewCell.m */,
				2B64A4031E9CC7AD005E93BD /* ListTableViewCell.xib */,
			);
			path = View;
			sourceTree = "<group>";
		};
		2B64A4061E9CD1CE005E93BD /* ECG */ = {
			isa = PBXGroup;
			children = (
				2B64A4071E9CD1CE005E93BD /* Controller */,
				2B64A4081E9CD1CE005E93BD /* Model */,
				2B64A4091E9CD1CE005E93BD /* View */,
				2B64A40A1E9CD236005E93BD /* ECG.storyboard */,
			);
			path = ECG;
			sourceTree = "<group>";
		};
		2B64A4071E9CD1CE005E93BD /* Controller */ = {
			isa = PBXGroup;
			children = (
				2B6FA4901E9DD70B0035281D /* ECGViewController.h */,
				2B6FA4911E9DD70B0035281D /* ECGViewController.m */,
				2B6FA4931E9DD77D0035281D /* ECG_DetailsViewController.h */,
				2B6FA4941E9DD77D0035281D /* ECG_DetailsViewController.m */,
			);
			path = Controller;
			sourceTree = "<group>";
		};
		2B64A4081E9CD1CE005E93BD /* Model */ = {
			isa = PBXGroup;
			children = (
				2B6EFBA61EA862A80058FE28 /* Ecg_structureModel.h */,
				2B6EFBA71EA862A80058FE28 /* Ecg_structureModel.m */,
			);
			path = Model;
			sourceTree = "<group>";
		};
		2B64A4091E9CD1CE005E93BD /* View */ = {
			isa = PBXGroup;
			children = (
				2B64A40C1E9CD5EC005E93BD /* ECGTableViewCell.h */,
				2B64A40D1E9CD5EC005E93BD /* ECGTableViewCell.m */,
			);
			path = View;
			sourceTree = "<group>";
		};
		2B6F53091EA5BC9300449A02 /* WSDaePickerView */ = {
			isa = PBXGroup;
			children = (
				2B6F530A1EA5BC9300449A02 /* NSDate+Extension.h */,
				2B6F530B1EA5BC9300449A02 /* NSDate+Extension.m */,
				2B6F530C1EA5BC9300449A02 /* UIView+Extension.h */,
				2B6F530D1EA5BC9300449A02 /* UIView+Extension.m */,
				2B6F530E1EA5BC9300449A02 /* WSDatePickerView.h */,
				2B6F530F1EA5BC9300449A02 /* WSDatePickerView.m */,
				2B6F53101EA5BC9300449A02 /* WSDatePickerView.xib */,
			);
			path = WSDaePickerView;
			sourceTree = "<group>";
		};
		2B6FA4961E9E02840035281D /* BloodGlucoseMeter */ = {
			isa = PBXGroup;
			children = (
				2B6FA4971E9E02840035281D /* Controller */,
				2B6FA4981E9E02840035281D /* Model */,
				2B6FA4991E9E02840035281D /* View */,
				2B6FA4AA1E9E04A90035281D /* BGM.storyboard */,
			);
			path = BloodGlucoseMeter;
			sourceTree = "<group>";
		};
		2B6FA4971E9E02840035281D /* Controller */ = {
			isa = PBXGroup;
			children = (
				2B6FA4AC1E9E0CE80035281D /* BGMViewController.h */,
				2B6FA4AD1E9E0CE80035281D /* BGMViewController.m */,
			);
			path = Controller;
			sourceTree = "<group>";
		};
		2B6FA4981E9E02840035281D /* Model */ = {
			isa = PBXGroup;
			children = (
				2B6EFBAF1EA88B4D0058FE28 /* BgmModel.h */,
				2B6EFBB01EA88B4D0058FE28 /* BgmModel.m */,
			);
			path = Model;
			sourceTree = "<group>";
		};
		2B6FA4991E9E02840035281D /* View */ = {
			isa = PBXGroup;
			children = (
			);
			path = View;
			sourceTree = "<group>";
		};
		2B6FA49A1E9E02F20035281D /* Sphygmomanometer */ = {
			isa = PBXGroup;
			children = (
				2B6FA49B1E9E02F20035281D /* Controller */,
				2B6FA49C1E9E02F20035281D /* Model */,
				2B6FA49D1E9E02F20035281D /* View */,
				2B7B119C1E9F266800951E37 /* BPM.storyboard */,
			);
			path = Sphygmomanometer;
			sourceTree = "<group>";
		};
		2B6FA49B1E9E02F20035281D /* Controller */ = {
			isa = PBXGroup;
			children = (
				2B7B119E1E9F4C7200951E37 /* MeasureViewController.h */,
				2B7B119F1E9F4C7200951E37 /* MeasureViewController.m */,
				2B7B11A11E9F4CAE00951E37 /* StatisticsViewController.h */,
				2B7B11A21E9F4CAE00951E37 /* StatisticsViewController.m */,
			);
			path = Controller;
			sourceTree = "<group>";
		};
		2B6FA49C1E9E02F20035281D /* Model */ = {
			isa = PBXGroup;
			children = (
				2B6EFBB21EA89BB90058FE28 /* BpmModel.h */,
				2B6EFBB31EA89BB90058FE28 /* BpmModel.m */,
			);
			path = Model;
			sourceTree = "<group>";
		};
		2B6FA49D1E9E02F20035281D /* View */ = {
			isa = PBXGroup;
			children = (
			);
			path = View;
			sourceTree = "<group>";
		};
		2B6FA49E1E9E040D0035281D /* EarThermometer */ = {
			isa = PBXGroup;
			children = (
				2B6FA49F1E9E040D0035281D /* Controller */,
				2B6FA4A01E9E040D0035281D /* Model */,
				2B6FA4A11E9E040D0035281D /* View */,
				2B66DA771EA070A6005A41C3 /* Ear.storyboard */,
			);
			path = EarThermometer;
			sourceTree = "<group>";
		};
		2B6FA49F1E9E040D0035281D /* Controller */ = {
			isa = PBXGroup;
			children = (
				2B66DA791EA0AC10005A41C3 /* EarMeasureViewController.h */,
				2B66DA7A1EA0AC10005A41C3 /* EarMeasureViewController.m */,
				2B66DA7C1EA0AC27005A41C3 /* EarStatisticsViewController.h */,
				2B66DA7D1EA0AC27005A41C3 /* EarStatisticsViewController.m */,
			);
			path = Controller;
			sourceTree = "<group>";
		};
		2B6FA4A01E9E040D0035281D /* Model */ = {
			isa = PBXGroup;
			children = (
			);
			path = Model;
			sourceTree = "<group>";
		};
		2B6FA4A11E9E040D0035281D /* View */ = {
			isa = PBXGroup;
			children = (
			);
			path = View;
			sourceTree = "<group>";
		};
		2B6FA4A21E9E041C0035281D /* FatScale */ = {
			isa = PBXGroup;
			children = (
				2B6FA4A31E9E041C0035281D /* Controller */,
				2B6FA4A41E9E041C0035281D /* Model */,
				2B6FA4A51E9E041C0035281D /* View */,
				2B66DA7F1EA0B0B7005A41C3 /* FatScale.storyboard */,
			);
			path = FatScale;
			sourceTree = "<group>";
		};
		2B6FA4A31E9E041C0035281D /* Controller */ = {
			isa = PBXGroup;
			children = (
				2B66DA811EA0CF23005A41C3 /* WeighViewController.h */,
				2B66DA821EA0CF23005A41C3 /* WeighViewController.m */,
				2B66DA841EA0CF49005A41C3 /* HistoryRecordViewController.h */,
				2B66DA851EA0CF49005A41C3 /* HistoryRecordViewController.m */,
			);
			path = Controller;
			sourceTree = "<group>";
		};
		2B6FA4A41E9E041C0035281D /* Model */ = {
			isa = PBXGroup;
			children = (
			);
			path = Model;
			sourceTree = "<group>";
		};
		2B6FA4A51E9E041C0035281D /* View */ = {
			isa = PBXGroup;
			children = (
			);
			path = View;
			sourceTree = "<group>";
		};
		2B6FA4A61E9E042A0035281D /* PulseMeter */ = {
			isa = PBXGroup;
			children = (
				2B6FA4A71E9E042A0035281D /* Controller */,
				2B6FA4A81E9E042A0035281D /* Model */,
				2B6FA4A91E9E042A0035281D /* View */,
				2B7BFC591EA45AEE00D73C01 /* Pulse.storyboard */,
			);
			path = PulseMeter;
			sourceTree = "<group>";
		};
		2B6FA4A71E9E042A0035281D /* Controller */ = {
			isa = PBXGroup;
			children = (
				2B7BFC5B1EA493D500D73C01 /* PulseMeterViewController.h */,
				2B7BFC5C1EA493D500D73C01 /* PulseMeterViewController.m */,
			);
			path = Controller;
			sourceTree = "<group>";
		};
		2B6FA4A81E9E042A0035281D /* Model */ = {
			isa = PBXGroup;
			children = (
				2B6EFBAC1EA88B230058FE28 /* PulseMeterModel.h */,
				2B6EFBAD1EA88B230058FE28 /* PulseMeterModel.m */,
			);
			path = Model;
			sourceTree = "<group>";
		};
		2B6FA4A91E9E042A0035281D /* View */ = {
			isa = PBXGroup;
			children = (
			);
			path = View;
			sourceTree = "<group>";
		};
		2B6FA4AF1E9E2F8B0035281D /* PublicListView */ = {
			isa = PBXGroup;
			children = (
				2B6FA4B01E9E300F0035281D /* PublicView.h */,
				2B6FA4B11E9E300F0035281D /* PublicView.m */,
				2B6FA4B31E9E30350035281D /* PublicView.xib */,
			);
			path = PublicListView;
			sourceTree = "<group>";
		};
		2BC32B6D1E8DFCBA00020BFE = {
			isa = PBXGroup;
			children = (
				2BC32B781E8DFCBA00020BFE /* HealthMonitor */,
				2BC32B921E8DFCBA00020BFE /* HealthMonitorTests */,
				2BC32B9D1E8DFCBA00020BFE /* HealthMonitorUITests */,
				2BC32B771E8DFCBA00020BFE /* Products */,
				C39875EA2363D09E976082AD /* Pods */,
				13DCED47F2E56C02EA833621 /* Frameworks */,
			);
			sourceTree = "<group>";
		};
		2BC32B771E8DFCBA00020BFE /* Products */ = {
			isa = PBXGroup;
			children = (
				2BC32B761E8DFCBA00020BFE /* HealthMonitor.app */,
				2BC32B8F1E8DFCBA00020BFE /* HealthMonitorTests.xctest */,
				2BC32B9A1E8DFCBA00020BFE /* HealthMonitorUITests.xctest */,
			);
			name = Products;
			sourceTree = "<group>";
		};
		2BC32B781E8DFCBA00020BFE /* HealthMonitor */ = {
			isa = PBXGroup;
			children = (
				2BC32B7C1E8DFCBA00020BFE /* AppDelegate.h */,
				2BC32B7D1E8DFCBA00020BFE /* AppDelegate.m */,
				2B64A3B81E9C7F6D005E93BD /* Classes */,
				2B016CD41E94BF4A0019736C /* Common */,
				2BC32B821E8DFCBA00020BFE /* Main.storyboard */,
				2BC32B851E8DFCBA00020BFE /* Assets.xcassets */,
				2BC32B871E8DFCBA00020BFE /* LaunchScreen.storyboard */,
				2BC32B8A1E8DFCBA00020BFE /* Info.plist */,
				2BC32B791E8DFCBA00020BFE /* Supporting Files */,
				2BA1196C1E947DCF0018827B /* HealthMonitor.pch */,
			);
			path = HealthMonitor;
			sourceTree = "<group>";
		};
		2BC32B791E8DFCBA00020BFE /* Supporting Files */ = {
			isa = PBXGroup;
			children = (
				2BC32B7A1E8DFCBA00020BFE /* main.m */,
			);
			name = "Supporting Files";
			sourceTree = "<group>";
		};
		2BC32B921E8DFCBA00020BFE /* HealthMonitorTests */ = {
			isa = PBXGroup;
			children = (
				2BC32B931E8DFCBA00020BFE /* HealthMonitorTests.m */,
				2BC32B951E8DFCBA00020BFE /* Info.plist */,
			);
			path = HealthMonitorTests;
			sourceTree = "<group>";
		};
		2BC32B9D1E8DFCBA00020BFE /* HealthMonitorUITests */ = {
			isa = PBXGroup;
			children = (
				2BC32B9E1E8DFCBA00020BFE /* HealthMonitorUITests.m */,
				2BC32BA01E8DFCBA00020BFE /* Info.plist */,
			);
			path = HealthMonitorUITests;
			sourceTree = "<group>";
		};
		C39875EA2363D09E976082AD /* Pods */ = {
			isa = PBXGroup;
			children = (
				79ABB91DE7731596A5AEBECB /* Pods-HealthMonitor.debug.xcconfig */,
				24933361653136DE7157BAE4 /* Pods-HealthMonitor.release.xcconfig */,
			);
			name = Pods;
			sourceTree = "<group>";
		};
/* End PBXGroup section */

/* Begin PBXNativeTarget section */
		2BC32B751E8DFCBA00020BFE /* HealthMonitor */ = {
			isa = PBXNativeTarget;
			buildConfigurationList = 2BC32BA31E8DFCBA00020BFE /* Build configuration list for PBXNativeTarget "HealthMonitor" */;
			buildPhases = (
				49CC7337C9E8A2B138B850B1 /* [CP] Check Pods Manifest.lock */,
				2BC32B721E8DFCBA00020BFE /* Sources */,
				2BC32B731E8DFCBA00020BFE /* Frameworks */,
				2BC32B741E8DFCBA00020BFE /* Resources */,
				12709D594D0549A8D4D0F6C8 /* [CP] Embed Pods Frameworks */,
				C6DB1C79182F04471379CB90 /* [CP] Copy Pods Resources */,
			);
			buildRules = (
			);
			dependencies = (
			);
			name = HealthMonitor;
			productName = HealthMonitor;
			productReference = 2BC32B761E8DFCBA00020BFE /* HealthMonitor.app */;
			productType = "com.apple.product-type.application";
		};
		2BC32B8E1E8DFCBA00020BFE /* HealthMonitorTests */ = {
			isa = PBXNativeTarget;
			buildConfigurationList = 2BC32BA61E8DFCBA00020BFE /* Build configuration list for PBXNativeTarget "HealthMonitorTests" */;
			buildPhases = (
				2BC32B8B1E8DFCBA00020BFE /* Sources */,
				2BC32B8C1E8DFCBA00020BFE /* Frameworks */,
				2BC32B8D1E8DFCBA00020BFE /* Resources */,
			);
			buildRules = (
			);
			dependencies = (
				2BC32B911E8DFCBA00020BFE /* PBXTargetDependency */,
			);
			name = HealthMonitorTests;
			productName = HealthMonitorTests;
			productReference = 2BC32B8F1E8DFCBA00020BFE /* HealthMonitorTests.xctest */;
			productType = "com.apple.product-type.bundle.unit-test";
		};
		2BC32B991E8DFCBA00020BFE /* HealthMonitorUITests */ = {
			isa = PBXNativeTarget;
			buildConfigurationList = 2BC32BA91E8DFCBA00020BFE /* Build configuration list for PBXNativeTarget "HealthMonitorUITests" */;
			buildPhases = (
				2BC32B961E8DFCBA00020BFE /* Sources */,
				2BC32B971E8DFCBA00020BFE /* Frameworks */,
				2BC32B981E8DFCBA00020BFE /* Resources */,
			);
			buildRules = (
			);
			dependencies = (
				2BC32B9C1E8DFCBA00020BFE /* PBXTargetDependency */,
			);
			name = HealthMonitorUITests;
			productName = HealthMonitorUITests;
			productReference = 2BC32B9A1E8DFCBA00020BFE /* HealthMonitorUITests.xctest */;
			productType = "com.apple.product-type.bundle.ui-testing";
		};
/* End PBXNativeTarget section */

/* Begin PBXProject section */
		2BC32B6E1E8DFCBA00020BFE /* Project object */ = {
			isa = PBXProject;
			attributes = {
				LastUpgradeCheck = 0820;
				ORGANIZATIONNAME = Atohuyo;
				TargetAttributes = {
					2BC32B751E8DFCBA00020BFE = {
						CreatedOnToolsVersion = 8.2.1;
						DevelopmentTeam = XRJ957MSNJ;
						ProvisioningStyle = Automatic;
					};
					2BC32B8E1E8DFCBA00020BFE = {
						CreatedOnToolsVersion = 8.2.1;
						DevelopmentTeam = XRJ957MSNJ;
						ProvisioningStyle = Automatic;
						TestTargetID = 2BC32B751E8DFCBA00020BFE;
					};
					2BC32B991E8DFCBA00020BFE = {
						CreatedOnToolsVersion = 8.2.1;
						DevelopmentTeam = XRJ957MSNJ;
						ProvisioningStyle = Automatic;
						TestTargetID = 2BC32B751E8DFCBA00020BFE;
					};
				};
			};
			buildConfigurationList = 2BC32B711E8DFCBA00020BFE /* Build configuration list for PBXProject "HealthMonitor" */;
			compatibilityVersion = "Xcode 3.2";
			developmentRegion = English;
			hasScannedForEncodings = 0;
			knownRegions = (
				en,
				Base,
			);
			mainGroup = 2BC32B6D1E8DFCBA00020BFE;
			productRefGroup = 2BC32B771E8DFCBA00020BFE /* Products */;
			projectDirPath = "";
			projectRoot = "";
			targets = (
				2BC32B751E8DFCBA00020BFE /* HealthMonitor */,
				2BC32B8E1E8DFCBA00020BFE /* HealthMonitorTests */,
				2BC32B991E8DFCBA00020BFE /* HealthMonitorUITests */,
			);
		};
/* End PBXProject section */

/* Begin PBXResourcesBuildPhase section */
		2BC32B741E8DFCBA00020BFE /* Resources */ = {
			isa = PBXResourcesBuildPhase;
			buildActionMask = 2147483647;
			files = (
				2B7BFC5A1EA45AEE00D73C01 /* Pulse.storyboard in Resources */,
				2B64A3FB1E9CABE0005E93BD /* Fat.storyboard in Resources */,
				2BC32B891E8DFCBA00020BFE /* LaunchScreen.storyboard in Resources */,
				2B64A40B1E9CD236005E93BD /* ECG.storyboard in Resources */,
				2B66DA781EA070A6005A41C3 /* Ear.storyboard in Resources */,
				2B6F53171EA6141500449A02 /* User.storyboard in Resources */,
				2B6F53141EA5BC9300449A02 /* WSDatePickerView.xib in Resources */,
				2B66DA801EA0B0B7005A41C3 /* FatScale.storyboard in Resources */,
				2B9DF7101E964502004E79FF /* MBProgressHUD.bundle in Resources */,
				2B6FA4B41E9E30350035281D /* PublicView.xib in Resources */,
				2B64A4051E9CC7AD005E93BD /* ListTableViewCell.xib in Resources */,
				2BC32B861E8DFCBA00020BFE /* Assets.xcassets in Resources */,
				2B64A3F21E9C849C005E93BD /* Alk.storyboard in Resources */,
				2B6FA4AB1E9E04A90035281D /* BGM.storyboard in Resources */,
				2B7B119D1E9F266800951E37 /* BPM.storyboard in Resources */,
				2BC32B841E8DFCBA00020BFE /* Main.storyboard in Resources */,
			);
			runOnlyForDeploymentPostprocessing = 0;
		};
		2BC32B8D1E8DFCBA00020BFE /* Resources */ = {
			isa = PBXResourcesBuildPhase;
			buildActionMask = 2147483647;
			files = (
			);
			runOnlyForDeploymentPostprocessing = 0;
		};
		2BC32B981E8DFCBA00020BFE /* Resources */ = {
			isa = PBXResourcesBuildPhase;
			buildActionMask = 2147483647;
			files = (
			);
			runOnlyForDeploymentPostprocessing = 0;
		};
/* End PBXResourcesBuildPhase section */

/* Begin PBXShellScriptBuildPhase section */
		12709D594D0549A8D4D0F6C8 /* [CP] Embed Pods Frameworks */ = {
			isa = PBXShellScriptBuildPhase;
			buildActionMask = 2147483647;
			files = (
			);
			inputPaths = (
			);
			name = "[CP] Embed Pods Frameworks";
			outputPaths = (
			);
			runOnlyForDeploymentPostprocessing = 0;
			shellPath = /bin/sh;
			shellScript = "\"${SRCROOT}/Pods/Target Support Files/Pods-HealthMonitor/Pods-HealthMonitor-frameworks.sh\"\n";
			showEnvVarsInLog = 0;
		};
		49CC7337C9E8A2B138B850B1 /* [CP] Check Pods Manifest.lock */ = {
			isa = PBXShellScriptBuildPhase;
			buildActionMask = 2147483647;
			files = (
			);
			inputPaths = (
			);
			name = "[CP] Check Pods Manifest.lock";
			outputPaths = (
			);
			runOnlyForDeploymentPostprocessing = 0;
			shellPath = /bin/sh;
			shellScript = "diff \"${PODS_ROOT}/../Podfile.lock\" \"${PODS_ROOT}/Manifest.lock\" > /dev/null\nif [ $? != 0 ] ; then\n    # print error to STDERR\n    echo \"error: The sandbox is not in sync with the Podfile.lock. Run 'pod install' or update your CocoaPods installation.\" >&2\n    exit 1\nfi\n";
			showEnvVarsInLog = 0;
		};
		C6DB1C79182F04471379CB90 /* [CP] Copy Pods Resources */ = {
			isa = PBXShellScriptBuildPhase;
			buildActionMask = 2147483647;
			files = (
			);
			inputPaths = (
			);
			name = "[CP] Copy Pods Resources";
			outputPaths = (
			);
			runOnlyForDeploymentPostprocessing = 0;
			shellPath = /bin/sh;
			shellScript = "\"${SRCROOT}/Pods/Target Support Files/Pods-HealthMonitor/Pods-HealthMonitor-resources.sh\"\n";
			showEnvVarsInLog = 0;
		};
/* End PBXShellScriptBuildPhase section */

/* Begin PBXSourcesBuildPhase section */
		2BC32B721E8DFCBA00020BFE /* Sources */ = {
			isa = PBXSourcesBuildPhase;
			buildActionMask = 2147483647;
			files = (
				2B7BFC631EA4BF3A00D73C01 /* ModifyViewController.m in Sources */,
				2B7BFC5D1EA493D500D73C01 /* PulseMeterViewController.m in Sources */,
				2B7BFC661EA4C75500D73C01 /* UserInfoModel.m in Sources */,
				2B64A40F1E9CD5EC005E93BD /* ECGTableViewCell.m in Sources */,
				2B6EFBAB1EA88AAB0058FE28 /* FatMonitorModel.m in Sources */,
				2B016D271E94E2420019736C /* XHContext.m in Sources */,
				2B64A4041E9CC7AD005E93BD /* ListTableViewCell.m in Sources */,
				2B66DA831EA0CF23005A41C3 /* WeighViewController.m in Sources */,
				2B6FA4AE1E9E0CE80035281D /* BGMViewController.m in Sources */,
				2B64A3D91E9C7F6D005E93BD /* ForgetViewController.m in Sources */,
				2B016D261E94E2420019736C /* User.m in Sources */,
				2B6F53111EA5BC9300449A02 /* NSDate+Extension.m in Sources */,
				2B016D251E94E2420019736C /* CZUserDefalt.m in Sources */,
				2B7B11A01E9F4C7200951E37 /* MeasureViewController.m in Sources */,
				2B9DF7111E964502004E79FF /* MBProgressHUD+MJ.m in Sources */,
				2B6EFBB41EA89BB90058FE28 /* BpmModel.m in Sources */,
				2B6F53131EA5BC9300449A02 /* WSDatePickerView.m in Sources */,
				2B016D091E94CE350019736C /* ValidateHelper.m in Sources */,
				2B6F53121EA5BC9300449A02 /* UIView+Extension.m in Sources */,
				2B66DA7E1EA0AC27005A41C3 /* EarStatisticsViewController.m in Sources */,
				2B64A3DB1E9C7F6D005E93BD /* RegistViewController.m in Sources */,
				2B793A361EA738C300FFEECB /* BloodModel.m in Sources */,
				2B64A3D81E9C7F6D005E93BD /* HomeViewController.m in Sources */,
				2B64A3F51E9CAAB6005E93BD /* AlkBGMViewController.m in Sources */,
				2BC32B7E1E8DFCBA00020BFE /* AppDelegate.m in Sources */,
				2B64A3DD1E9C7F6D005E93BD /* UserViewController.m in Sources */,
				2B64A3DA1E9C7F6D005E93BD /* LoginViewController.m in Sources */,
				2B016D181E94D1240019736C /* RequestManager.m in Sources */,
				2B9DF70C1E9630C1004E79FF /* MBProgressHUD+GSProgressHUD.m in Sources */,
				2B66DA7B1EA0AC10005A41C3 /* EarMeasureViewController.m in Sources */,
				2B6EFBB11EA88B4D0058FE28 /* BgmModel.m in Sources */,
				2B64A3EC1E9C80E1005E93BD /* NewUserViewController.m in Sources */,
				2B6EFBA81EA862A80058FE28 /* Ecg_structureModel.m in Sources */,
				2BC32B7B1E8DFCBA00020BFE /* main.m in Sources */,
				2B6FA4B21E9E300F0035281D /* PublicView.m in Sources */,
				2B66DA861EA0CF49005A41C3 /* HistoryRecordViewController.m in Sources */,
				2B7B11A31E9F4CAE00951E37 /* StatisticsViewController.m in Sources */,
				2B6EFBAE1EA88B230058FE28 /* PulseMeterModel.m in Sources */,
				2B6F53081EA5ADD800449A02 /* UserTableViewCell.m in Sources */,
				2B9DF7061E961F25004E79FF /* LayerCoreRadius.m in Sources */,
				2B6FA4921E9DD70B0035281D /* ECGViewController.m in Sources */,
				2B016D1E1E94DD480019736C /* AOLinkedStoryboardSegue.m in Sources */,
				2B016D081E94CE350019736C /* NSString+Hash.m in Sources */,
				2B6FA4951E9DD77D0035281D /* ECG_DetailsViewController.m in Sources */,
				2B7BFC601EA4941B00D73C01 /* FatMonitorViewController.m in Sources */,
				2B016D071E94CE350019736C /* NSData+CCCryptUtil.m in Sources */,
			);
			runOnlyForDeploymentPostprocessing = 0;
		};
		2BC32B8B1E8DFCBA00020BFE /* Sources */ = {
			isa = PBXSourcesBuildPhase;
			buildActionMask = 2147483647;
			files = (
				2BC32B941E8DFCBA00020BFE /* HealthMonitorTests.m in Sources */,
			);
			runOnlyForDeploymentPostprocessing = 0;
		};
		2BC32B961E8DFCBA00020BFE /* Sources */ = {
			isa = PBXSourcesBuildPhase;
			buildActionMask = 2147483647;
			files = (
				2BC32B9F1E8DFCBA00020BFE /* HealthMonitorUITests.m in Sources */,
			);
			runOnlyForDeploymentPostprocessing = 0;
		};
/* End PBXSourcesBuildPhase section */

/* Begin PBXTargetDependency section */
		2BC32B911E8DFCBA00020BFE /* PBXTargetDependency */ = {
			isa = PBXTargetDependency;
			target = 2BC32B751E8DFCBA00020BFE /* HealthMonitor */;
			targetProxy = 2BC32B901E8DFCBA00020BFE /* PBXContainerItemProxy */;
		};
		2BC32B9C1E8DFCBA00020BFE /* PBXTargetDependency */ = {
			isa = PBXTargetDependency;
			target = 2BC32B751E8DFCBA00020BFE /* HealthMonitor */;
			targetProxy = 2BC32B9B1E8DFCBA00020BFE /* PBXContainerItemProxy */;
		};
/* End PBXTargetDependency section */

/* Begin PBXVariantGroup section */
		2B6F53151EA6141500449A02 /* User.storyboard */ = {
			isa = PBXVariantGroup;
			children = (
				2B6F53161EA6141500449A02 /* Base */,
			);
			name = User.storyboard;
			sourceTree = "<group>";
		};
		2BC32B821E8DFCBA00020BFE /* Main.storyboard */ = {
			isa = PBXVariantGroup;
			children = (
				2BC32B831E8DFCBA00020BFE /* Base */,
			);
			name = Main.storyboard;
			sourceTree = "<group>";
		};
		2BC32B871E8DFCBA00020BFE /* LaunchScreen.storyboard */ = {
			isa = PBXVariantGroup;
			children = (
				2BC32B881E8DFCBA00020BFE /* Base */,
			);
			name = LaunchScreen.storyboard;
			sourceTree = "<group>";
		};
/* End PBXVariantGroup section */

/* Begin XCBuildConfiguration section */
		2BC32BA11E8DFCBA00020BFE /* Debug */ = {
			isa = XCBuildConfiguration;
			buildSettings = {
				ALWAYS_SEARCH_USER_PATHS = NO;
				CLANG_ANALYZER_NONNULL = YES;
				CLANG_CXX_LANGUAGE_STANDARD = "gnu++0x";
				CLANG_CXX_LIBRARY = "libc++";
				CLANG_ENABLE_MODULES = YES;
				CLANG_ENABLE_OBJC_ARC = YES;
				CLANG_WARN_BOOL_CONVERSION = YES;
				CLANG_WARN_CONSTANT_CONVERSION = YES;
				CLANG_WARN_DIRECT_OBJC_ISA_USAGE = YES_ERROR;
				CLANG_WARN_DOCUMENTATION_COMMENTS = YES;
				CLANG_WARN_EMPTY_BODY = YES;
				CLANG_WARN_ENUM_CONVERSION = YES;
				CLANG_WARN_INFINITE_RECURSION = YES;
				CLANG_WARN_INT_CONVERSION = YES;
				CLANG_WARN_OBJC_ROOT_CLASS = YES_ERROR;
				CLANG_WARN_SUSPICIOUS_MOVE = YES;
				CLANG_WARN_UNREACHABLE_CODE = YES;
				CLANG_WARN__DUPLICATE_METHOD_MATCH = YES;
				"CODE_SIGN_IDENTITY[sdk=iphoneos*]" = "iPhone Developer";
				COPY_PHASE_STRIP = NO;
				DEBUG_INFORMATION_FORMAT = dwarf;
				ENABLE_STRICT_OBJC_MSGSEND = YES;
				ENABLE_TESTABILITY = YES;
				GCC_C_LANGUAGE_STANDARD = gnu99;
				GCC_DYNAMIC_NO_PIC = NO;
				GCC_NO_COMMON_BLOCKS = YES;
				GCC_OPTIMIZATION_LEVEL = 0;
				GCC_PRECOMPILE_PREFIX_HEADER = YES;
				GCC_PREFIX_HEADER = HealthMonitor/HealthMonitor.pch;
				GCC_PREPROCESSOR_DEFINITIONS = (
					"DEBUG=1",
					"$(inherited)",
				);
				GCC_WARN_64_TO_32_BIT_CONVERSION = YES;
				GCC_WARN_ABOUT_RETURN_TYPE = YES_ERROR;
				GCC_WARN_UNDECLARED_SELECTOR = YES;
				GCC_WARN_UNINITIALIZED_AUTOS = YES_AGGRESSIVE;
				GCC_WARN_UNUSED_FUNCTION = YES;
				GCC_WARN_UNUSED_VARIABLE = YES;
				IPHONEOS_DEPLOYMENT_TARGET = 10.2;
				MTL_ENABLE_DEBUG_INFO = YES;
				ONLY_ACTIVE_ARCH = YES;
				SDKROOT = iphoneos;
			};
			name = Debug;
		};
		2BC32BA21E8DFCBA00020BFE /* Release */ = {
			isa = XCBuildConfiguration;
			buildSettings = {
				ALWAYS_SEARCH_USER_PATHS = NO;
				CLANG_ANALYZER_NONNULL = YES;
				CLANG_CXX_LANGUAGE_STANDARD = "gnu++0x";
				CLANG_CXX_LIBRARY = "libc++";
				CLANG_ENABLE_MODULES = YES;
				CLANG_ENABLE_OBJC_ARC = YES;
				CLANG_WARN_BOOL_CONVERSION = YES;
				CLANG_WARN_CONSTANT_CONVERSION = YES;
				CLANG_WARN_DIRECT_OBJC_ISA_USAGE = YES_ERROR;
				CLANG_WARN_DOCUMENTATION_COMMENTS = YES;
				CLANG_WARN_EMPTY_BODY = YES;
				CLANG_WARN_ENUM_CONVERSION = YES;
				CLANG_WARN_INFINITE_RECURSION = YES;
				CLANG_WARN_INT_CONVERSION = YES;
				CLANG_WARN_OBJC_ROOT_CLASS = YES_ERROR;
				CLANG_WARN_SUSPICIOUS_MOVE = YES;
				CLANG_WARN_UNREACHABLE_CODE = YES;
				CLANG_WARN__DUPLICATE_METHOD_MATCH = YES;
				"CODE_SIGN_IDENTITY[sdk=iphoneos*]" = "iPhone Developer";
				COPY_PHASE_STRIP = NO;
				DEBUG_INFORMATION_FORMAT = "dwarf-with-dsym";
				ENABLE_NS_ASSERTIONS = NO;
				ENABLE_STRICT_OBJC_MSGSEND = YES;
				GCC_C_LANGUAGE_STANDARD = gnu99;
				GCC_NO_COMMON_BLOCKS = YES;
				GCC_PRECOMPILE_PREFIX_HEADER = YES;
				GCC_PREFIX_HEADER = HealthMonitor/HealthMonitor.pch;
				GCC_WARN_64_TO_32_BIT_CONVERSION = YES;
				GCC_WARN_ABOUT_RETURN_TYPE = YES_ERROR;
				GCC_WARN_UNDECLARED_SELECTOR = YES;
				GCC_WARN_UNINITIALIZED_AUTOS = YES_AGGRESSIVE;
				GCC_WARN_UNUSED_FUNCTION = YES;
				GCC_WARN_UNUSED_VARIABLE = YES;
				IPHONEOS_DEPLOYMENT_TARGET = 10.2;
				MTL_ENABLE_DEBUG_INFO = NO;
				SDKROOT = iphoneos;
				VALIDATE_PRODUCT = YES;
			};
			name = Release;
		};
		2BC32BA41E8DFCBA00020BFE /* Debug */ = {
			isa = XCBuildConfiguration;
			baseConfigurationReference = 79ABB91DE7731596A5AEBECB /* Pods-HealthMonitor.debug.xcconfig */;
			buildSettings = {
				ASSETCATALOG_COMPILER_APPICON_NAME = AppIcon;
				DEVELOPMENT_TEAM = XRJ957MSNJ;
				INFOPLIST_FILE = HealthMonitor/Info.plist;
				IPHONEOS_DEPLOYMENT_TARGET = 10.2;
				LD_RUNPATH_SEARCH_PATHS = "$(inherited) @executable_path/Frameworks";
				PRODUCT_BUNDLE_IDENTIFIER = com.atohuyo.HealthMonitor;
				PRODUCT_NAME = "$(TARGET_NAME)";
			};
			name = Debug;
		};
		2BC32BA51E8DFCBA00020BFE /* Release */ = {
			isa = XCBuildConfiguration;
			baseConfigurationReference = 24933361653136DE7157BAE4 /* Pods-HealthMonitor.release.xcconfig */;
			buildSettings = {
				ASSETCATALOG_COMPILER_APPICON_NAME = AppIcon;
				DEVELOPMENT_TEAM = XRJ957MSNJ;
				INFOPLIST_FILE = HealthMonitor/Info.plist;
				IPHONEOS_DEPLOYMENT_TARGET = 10.2;
				LD_RUNPATH_SEARCH_PATHS = "$(inherited) @executable_path/Frameworks";
				PRODUCT_BUNDLE_IDENTIFIER = com.atohuyo.HealthMonitor;
				PRODUCT_NAME = "$(TARGET_NAME)";
			};
			name = Release;
		};
		2BC32BA71E8DFCBA00020BFE /* Debug */ = {
			isa = XCBuildConfiguration;
			buildSettings = {
				BUNDLE_LOADER = "$(TEST_HOST)";
				DEVELOPMENT_TEAM = XRJ957MSNJ;
				INFOPLIST_FILE = HealthMonitorTests/Info.plist;
				LD_RUNPATH_SEARCH_PATHS = "$(inherited) @executable_path/Frameworks @loader_path/Frameworks";
				PRODUCT_BUNDLE_IDENTIFIER = com.atohuyo.HealthMonitorTests;
				PRODUCT_NAME = "$(TARGET_NAME)";
				TEST_HOST = "$(BUILT_PRODUCTS_DIR)/HealthMonitor.app/HealthMonitor";
			};
			name = Debug;
		};
		2BC32BA81E8DFCBA00020BFE /* Release */ = {
			isa = XCBuildConfiguration;
			buildSettings = {
				BUNDLE_LOADER = "$(TEST_HOST)";
				DEVELOPMENT_TEAM = XRJ957MSNJ;
				INFOPLIST_FILE = HealthMonitorTests/Info.plist;
				LD_RUNPATH_SEARCH_PATHS = "$(inherited) @executable_path/Frameworks @loader_path/Frameworks";
				PRODUCT_BUNDLE_IDENTIFIER = com.atohuyo.HealthMonitorTests;
				PRODUCT_NAME = "$(TARGET_NAME)";
				TEST_HOST = "$(BUILT_PRODUCTS_DIR)/HealthMonitor.app/HealthMonitor";
			};
			name = Release;
		};
		2BC32BAA1E8DFCBA00020BFE /* Debug */ = {
			isa = XCBuildConfiguration;
			buildSettings = {
				DEVELOPMENT_TEAM = XRJ957MSNJ;
				INFOPLIST_FILE = HealthMonitorUITests/Info.plist;
				LD_RUNPATH_SEARCH_PATHS = "$(inherited) @executable_path/Frameworks @loader_path/Frameworks";
				PRODUCT_BUNDLE_IDENTIFIER = com.atohuyo.HealthMonitorUITests;
				PRODUCT_NAME = "$(TARGET_NAME)";
				TEST_TARGET_NAME = HealthMonitor;
			};
			name = Debug;
		};
		2BC32BAB1E8DFCBA00020BFE /* Release */ = {
			isa = XCBuildConfiguration;
			buildSettings = {
				DEVELOPMENT_TEAM = XRJ957MSNJ;
				INFOPLIST_FILE = HealthMonitorUITests/Info.plist;
				LD_RUNPATH_SEARCH_PATHS = "$(inherited) @executable_path/Frameworks @loader_path/Frameworks";
				PRODUCT_BUNDLE_IDENTIFIER = com.atohuyo.HealthMonitorUITests;
				PRODUCT_NAME = "$(TARGET_NAME)";
				TEST_TARGET_NAME = HealthMonitor;
			};
			name = Release;
		};
/* End XCBuildConfiguration section */

/* Begin XCConfigurationList section */
		2BC32B711E8DFCBA00020BFE /* Build configuration list for PBXProject "HealthMonitor" */ = {
			isa = XCConfigurationList;
			buildConfigurations = (
				2BC32BA11E8DFCBA00020BFE /* Debug */,
				2BC32BA21E8DFCBA00020BFE /* Release */,
			);
			defaultConfigurationIsVisible = 0;
			defaultConfigurationName = Release;
		};
		2BC32BA31E8DFCBA00020BFE /* Build configuration list for PBXNativeTarget "HealthMonitor" */ = {
			isa = XCConfigurationList;
			buildConfigurations = (
				2BC32BA41E8DFCBA00020BFE /* Debug */,
				2BC32BA51E8DFCBA00020BFE /* Release */,
			);
			defaultConfigurationIsVisible = 0;
			defaultConfigurationName = Release;
		};
		2BC32BA61E8DFCBA00020BFE /* Build configuration list for PBXNativeTarget "HealthMonitorTests" */ = {
			isa = XCConfigurationList;
			buildConfigurations = (
				2BC32BA71E8DFCBA00020BFE /* Debug */,
				2BC32BA81E8DFCBA00020BFE /* Release */,
			);
			defaultConfigurationIsVisible = 0;
			defaultConfigurationName = Release;
		};
		2BC32BA91E8DFCBA00020BFE /* Build configuration list for PBXNativeTarget "HealthMonitorUITests" */ = {
			isa = XCConfigurationList;
			buildConfigurations = (
				2BC32BAA1E8DFCBA00020BFE /* Debug */,
				2BC32BAB1E8DFCBA00020BFE /* Release */,
			);
			defaultConfigurationIsVisible = 0;
			defaultConfigurationName = Release;
		};
/* End XCConfigurationList section */
	};
	rootObject = 2BC32B6E1E8DFCBA00020BFE /* Project object */;
}
