// !$*UTF8*$!
{
	archiveVersion = 1;
	classes = {
	};
	objectVersion = 46;
	objects = {

/* Begin PBXBuildFile section */
		2B016D071E94CE350019736C /* NSData+CCCryptUtil.m in Sources */ = {isa = PBXBuildFile; fileRef = 2B016CD91E94CE350019736C /* NSData+CCCryptUtil.m */; };
		2B016D081E94CE350019736C /* NSString+Hash.m in Sources */ = {isa = PBXBuildFile; fileRef = 2B016CDB1E94CE350019736C /* NSString+Hash.m */; };
		2B016D091E94CE350019736C /* ValidateHelper.m in Sources */ = {isa = PBXBuildFile; fileRef = 2B016CDE1E94CE350019736C /* ValidateHelper.m */; };
		2B016D181E94D1240019736C /* RequestManager.m in Sources */ = {isa = PBXBuildFile; fileRef = 2B016D171E94D1240019736C /* RequestManager.m */; };
		2B016D1E1E94DD480019736C /* AOLinkedStoryboardSegue.m in Sources */ = {isa = PBXBuildFile; fileRef = 2B016D1D1E94DD480019736C /* AOLinkedStoryboardSegue.m */; };
		2B016D251E94E2420019736C /* CZUserDefalt.m in Sources */ = {isa = PBXBuildFile; fileRef = 2B016D201E94E2420019736C /* CZUserDefalt.m */; };
		2B016D261E94E2420019736C /* User.m in Sources */ = {isa = PBXBuildFile; fileRef = 2B016D221E94E2420019736C /* User.m */; };
		2B016D271E94E2420019736C /* XHContext.m in Sources */ = {isa = PBXBuildFile; fileRef = 2B016D241E94E2420019736C /* XHContext.m */; };
		2B016D2A1E94EA470019736C /* LoginViewController.m in Sources */ = {isa = PBXBuildFile; fileRef = 2B016D291E94EA470019736C /* LoginViewController.m */; };
		2B6E33D91E978948007D9750 /* HomeViewController.m in Sources */ = {isa = PBXBuildFile; fileRef = 2B6E33D81E978948007D9750 /* HomeViewController.m */; };
		2B78513C1E95DE53004874A9 /* RegistViewController.m in Sources */ = {isa = PBXBuildFile; fileRef = 2B78513B1E95DE53004874A9 /* RegistViewController.m */; };
		2B9CEC121E9B666C00250304 /* UserViewController.m in Sources */ = {isa = PBXBuildFile; fileRef = 2B9CEC111E9B666C00250304 /* UserViewController.m */; };
		2B9CEC141E9B676400250304 /* User.storyboard in Resources */ = {isa = PBXBuildFile; fileRef = 2B9CEC131E9B676400250304 /* User.storyboard */; };
		2B9CEC181E9B6B2400250304 /* UserTableViewCell.m in Sources */ = {isa = PBXBuildFile; fileRef = 2B9CEC161E9B6B2400250304 /* UserTableViewCell.m */; };
		2B9CEC191E9B6B2400250304 /* UserTableViewCell.xib in Resources */ = {isa = PBXBuildFile; fileRef = 2B9CEC171E9B6B2400250304 /* UserTableViewCell.xib */; };
		2B9DF7031E95F123004E79FF /* ForgetViewController.m in Sources */ = {isa = PBXBuildFile; fileRef = 2B9DF7021E95F123004E79FF /* ForgetViewController.m */; };
		2B9DF7061E961F25004E79FF /* LayerCoreRadius.m in Sources */ = {isa = PBXBuildFile; fileRef = 2B9DF7051E961F25004E79FF /* LayerCoreRadius.m */; };
		2B9DF70C1E9630C1004E79FF /* MBProgressHUD+GSProgressHUD.m in Sources */ = {isa = PBXBuildFile; fileRef = 2B9DF70B1E9630C1004E79FF /* MBProgressHUD+GSProgressHUD.m */; };
		2B9DF7101E964502004E79FF /* MBProgressHUD.bundle in Resources */ = {isa = PBXBuildFile; fileRef = 2B9DF70D1E964502004E79FF /* MBProgressHUD.bundle */; };
		2B9DF7111E964502004E79FF /* MBProgressHUD+MJ.m in Sources */ = {isa = PBXBuildFile; fileRef = 2B9DF70F1E964502004E79FF /* MBProgressHUD+MJ.m */; };
		2BC32B7B1E8DFCBA00020BFE /* main.m in Sources */ = {isa = PBXBuildFile; fileRef = 2BC32B7A1E8DFCBA00020BFE /* main.m */; };
		2BC32B7E1E8DFCBA00020BFE /* AppDelegate.m in Sources */ = {isa = PBXBuildFile; fileRef = 2BC32B7D1E8DFCBA00020BFE /* AppDelegate.m */; };
		2BC32B841E8DFCBA00020BFE /* Main.storyboard in Resources */ = {isa = PBXBuildFile; fileRef = 2BC32B821E8DFCBA00020BFE /* Main.storyboard */; };
		2BC32B861E8DFCBA00020BFE /* Assets.xcassets in Resources */ = {isa = PBXBuildFile; fileRef = 2BC32B851E8DFCBA00020BFE /* Assets.xcassets */; };
		2BC32B891E8DFCBA00020BFE /* LaunchScreen.storyboard in Resources */ = {isa = PBXBuildFile; fileRef = 2BC32B871E8DFCBA00020BFE /* LaunchScreen.storyboard */; };
		2BC32B941E8DFCBA00020BFE /* HealthMonitorTests.m in Sources */ = {isa = PBXBuildFile; fileRef = 2BC32B931E8DFCBA00020BFE /* HealthMonitorTests.m */; };
		2BC32B9F1E8DFCBA00020BFE /* HealthMonitorUITests.m in Sources */ = {isa = PBXBuildFile; fileRef = 2BC32B9E1E8DFCBA00020BFE /* HealthMonitorUITests.m */; };
		9EA98D8C8013A487027943EB /* libPods-HealthMonitor.a in Frameworks */ = {isa = PBXBuildFile; fileRef = B804FF18FCDE83380A927DAD /* libPods-HealthMonitor.a */; };
/* End PBXBuildFile section */

/* Begin PBXContainerItemProxy section */
		2BC32B901E8DFCBA00020BFE /* PBXContainerItemProxy */ = {
			isa = PBXContainerItemProxy;
			containerPortal = 2BC32B6E1E8DFCBA00020BFE /* Project object */;
			proxyType = 1;
			remoteGlobalIDString = 2BC32B751E8DFCBA00020BFE;
			remoteInfo = HealthMonitor;
		};
		2BC32B9B1E8DFCBA00020BFE /* PBXContainerItemProxy */ = {
			isa = PBXContainerItemProxy;
			containerPortal = 2BC32B6E1E8DFCBA00020BFE /* Project object */;
			proxyType = 1;
			remoteGlobalIDString = 2BC32B751E8DFCBA00020BFE;
			remoteInfo = HealthMonitor;
		};
/* End PBXContainerItemProxy section */

/* Begin PBXFileReference section */
		24933361653136DE7157BAE4 /* Pods-HealthMonitor.release.xcconfig */ = {isa = PBXFileReference; includeInIndex = 1; lastKnownFileType = text.xcconfig; name = "Pods-HealthMonitor.release.xcconfig"; path = "Pods/Target Support Files/Pods-HealthMonitor/Pods-HealthMonitor.release.xcconfig"; sourceTree = "<group>"; };
		2B016CD81E94CE350019736C /* NSData+CCCryptUtil.h */ = {isa = PBXFileReference; fileEncoding = 4; lastKnownFileType = sourcecode.c.h; path = "NSData+CCCryptUtil.h"; sourceTree = "<group>"; };
		2B016CD91E94CE350019736C /* NSData+CCCryptUtil.m */ = {isa = PBXFileReference; fileEncoding = 4; lastKnownFileType = sourcecode.c.objc; path = "NSData+CCCryptUtil.m"; sourceTree = "<group>"; };
		2B016CDA1E94CE350019736C /* NSString+Hash.h */ = {isa = PBXFileReference; fileEncoding = 4; lastKnownFileType = sourcecode.c.h; path = "NSString+Hash.h"; sourceTree = "<group>"; };
		2B016CDB1E94CE350019736C /* NSString+Hash.m */ = {isa = PBXFileReference; fileEncoding = 4; lastKnownFileType = sourcecode.c.objc; path = "NSString+Hash.m"; sourceTree = "<group>"; };
		2B016CDD1E94CE350019736C /* ValidateHelper.h */ = {isa = PBXFileReference; fileEncoding = 4; lastKnownFileType = sourcecode.c.h; path = ValidateHelper.h; sourceTree = "<group>"; };
		2B016CDE1E94CE350019736C /* ValidateHelper.m */ = {isa = PBXFileReference; fileEncoding = 4; lastKnownFileType = sourcecode.c.objc; path = ValidateHelper.m; sourceTree = "<group>"; };
		2B016CE11E94CE350019736C /* ColorDefine.h */ = {isa = PBXFileReference; fileEncoding = 4; lastKnownFileType = sourcecode.c.h; path = ColorDefine.h; sourceTree = "<group>"; };
		2B016CE21E94CE350019736C /* FontDefine.h */ = {isa = PBXFileReference; fileEncoding = 4; lastKnownFileType = sourcecode.c.h; path = FontDefine.h; sourceTree = "<group>"; };
		2B016CE31E94CE350019736C /* FrameDefine.h */ = {isa = PBXFileReference; fileEncoding = 4; lastKnownFileType = sourcecode.c.h; path = FrameDefine.h; sourceTree = "<group>"; };
		2B016CE41E94CE350019736C /* PathDefine.h */ = {isa = PBXFileReference; fileEncoding = 4; lastKnownFileType = sourcecode.c.h; path = PathDefine.h; sourceTree = "<group>"; };
		2B016CE51E94CE350019736C /* SystemDefine.h */ = {isa = PBXFileReference; fileEncoding = 4; lastKnownFileType = sourcecode.c.h; path = SystemDefine.h; sourceTree = "<group>"; };
		2B016CE61E94CE350019736C /* UtilsDefine.h */ = {isa = PBXFileReference; fileEncoding = 4; lastKnownFileType = sourcecode.c.h; path = UtilsDefine.h; sourceTree = "<group>"; };
		2B016CE81E94CE350019736C /* FieldDefine.h */ = {isa = PBXFileReference; fileEncoding = 4; lastKnownFileType = sourcecode.c.h; path = FieldDefine.h; sourceTree = "<group>"; };
		2B016CE91E94CE350019736C /* RequestDefine.h */ = {isa = PBXFileReference; fileEncoding = 4; lastKnownFileType = sourcecode.c.h; path = RequestDefine.h; sourceTree = "<group>"; };
		2B016D161E94D1240019736C /* RequestManager.h */ = {isa = PBXFileReference; fileEncoding = 4; lastKnownFileType = sourcecode.c.h; path = RequestManager.h; sourceTree = "<group>"; };
		2B016D171E94D1240019736C /* RequestManager.m */ = {isa = PBXFileReference; fileEncoding = 4; lastKnownFileType = sourcecode.c.objc; path = RequestManager.m; sourceTree = "<group>"; };
		2B016D1C1E94DD480019736C /* AOLinkedStoryboardSegue.h */ = {isa = PBXFileReference; fileEncoding = 4; lastKnownFileType = sourcecode.c.h; path = AOLinkedStoryboardSegue.h; sourceTree = "<group>"; };
		2B016D1D1E94DD480019736C /* AOLinkedStoryboardSegue.m */ = {isa = PBXFileReference; fileEncoding = 4; lastKnownFileType = sourcecode.c.objc; path = AOLinkedStoryboardSegue.m; sourceTree = "<group>"; };
		2B016D1F1E94E2420019736C /* CZUserDefalt.h */ = {isa = PBXFileReference; fileEncoding = 4; lastKnownFileType = sourcecode.c.h; path = CZUserDefalt.h; sourceTree = "<group>"; };
		2B016D201E94E2420019736C /* CZUserDefalt.m */ = {isa = PBXFileReference; fileEncoding = 4; lastKnownFileType = sourcecode.c.objc; path = CZUserDefalt.m; sourceTree = "<group>"; };
		2B016D211E94E2420019736C /* User.h */ = {isa = PBXFileReference; fileEncoding = 4; lastKnownFileType = sourcecode.c.h; path = User.h; sourceTree = "<group>"; };
		2B016D221E94E2420019736C /* User.m */ = {isa = PBXFileReference; fileEncoding = 4; lastKnownFileType = sourcecode.c.objc; path = User.m; sourceTree = "<group>"; };
		2B016D231E94E2420019736C /* XHContext.h */ = {isa = PBXFileReference; fileEncoding = 4; lastKnownFileType = sourcecode.c.h; path = XHContext.h; sourceTree = "<group>"; };
		2B016D241E94E2420019736C /* XHContext.m */ = {isa = PBXFileReference; fileEncoding = 4; lastKnownFileType = sourcecode.c.objc; path = XHContext.m; sourceTree = "<group>"; };
		2B016D281E94EA470019736C /* LoginViewController.h */ = {isa = PBXFileReference; fileEncoding = 4; lastKnownFileType = sourcecode.c.h; path = LoginViewController.h; sourceTree = "<group>"; };
		2B016D291E94EA470019736C /* LoginViewController.m */ = {isa = PBXFileReference; fileEncoding = 4; lastKnownFileType = sourcecode.c.objc; path = LoginViewController.m; sourceTree = "<group>"; };
		2B6E33D71E978948007D9750 /* HomeViewController.h */ = {isa = PBXFileReference; fileEncoding = 4; lastKnownFileType = sourcecode.c.h; path = HomeViewController.h; sourceTree = "<group>"; };
		2B6E33D81E978948007D9750 /* HomeViewController.m */ = {isa = PBXFileReference; fileEncoding = 4; lastKnownFileType = sourcecode.c.objc; path = HomeViewController.m; sourceTree = "<group>"; };
		2B78513A1E95DE53004874A9 /* RegistViewController.h */ = {isa = PBXFileReference; fileEncoding = 4; lastKnownFileType = sourcecode.c.h; path = RegistViewController.h; sourceTree = "<group>"; };
		2B78513B1E95DE53004874A9 /* RegistViewController.m */ = {isa = PBXFileReference; fileEncoding = 4; lastKnownFileType = sourcecode.c.objc; path = RegistViewController.m; sourceTree = "<group>"; };
		2B9CEC101E9B666B00250304 /* UserViewController.h */ = {isa = PBXFileReference; fileEncoding = 4; lastKnownFileType = sourcecode.c.h; path = UserViewController.h; sourceTree = "<group>"; };
		2B9CEC111E9B666C00250304 /* UserViewController.m */ = {isa = PBXFileReference; fileEncoding = 4; lastKnownFileType = sourcecode.c.objc; path = UserViewController.m; sourceTree = "<group>"; };
		2B9CEC131E9B676400250304 /* User.storyboard */ = {isa = PBXFileReference; fileEncoding = 4; lastKnownFileType = file.storyboard; path = User.storyboard; sourceTree = "<group>"; };
		2B9CEC151E9B6B2400250304 /* UserTableViewCell.h */ = {isa = PBXFileReference; fileEncoding = 4; lastKnownFileType = sourcecode.c.h; path = UserTableViewCell.h; sourceTree = "<group>"; };
		2B9CEC161E9B6B2400250304 /* UserTableViewCell.m */ = {isa = PBXFileReference; fileEncoding = 4; lastKnownFileType = sourcecode.c.objc; path = UserTableViewCell.m; sourceTree = "<group>"; };
		2B9CEC171E9B6B2400250304 /* UserTableViewCell.xib */ = {isa = PBXFileReference; fileEncoding = 4; lastKnownFileType = file.xib; path = UserTableViewCell.xib; sourceTree = "<group>"; };
		2B9DF7011E95F123004E79FF /* ForgetViewController.h */ = {isa = PBXFileReference; fileEncoding = 4; lastKnownFileType = sourcecode.c.h; path = ForgetViewController.h; sourceTree = "<group>"; };
		2B9DF7021E95F123004E79FF /* ForgetViewController.m */ = {isa = PBXFileReference; fileEncoding = 4; lastKnownFileType = sourcecode.c.objc; path = ForgetViewController.m; sourceTree = "<group>"; };
		2B9DF7041E961F25004E79FF /* LayerCoreRadius.h */ = {isa = PBXFileReference; fileEncoding = 4; lastKnownFileType = sourcecode.c.h; path = LayerCoreRadius.h; sourceTree = "<group>"; };
		2B9DF7051E961F25004E79FF /* LayerCoreRadius.m */ = {isa = PBXFileReference; fileEncoding = 4; lastKnownFileType = sourcecode.c.objc; path = LayerCoreRadius.m; sourceTree = "<group>"; };
		2B9DF70A1E9630C1004E79FF /* MBProgressHUD+GSProgressHUD.h */ = {isa = PBXFileReference; fileEncoding = 4; lastKnownFileType = sourcecode.c.h; path = "MBProgressHUD+GSProgressHUD.h"; sourceTree = "<group>"; };
		2B9DF70B1E9630C1004E79FF /* MBProgressHUD+GSProgressHUD.m */ = {isa = PBXFileReference; fileEncoding = 4; lastKnownFileType = sourcecode.c.objc; path = "MBProgressHUD+GSProgressHUD.m"; sourceTree = "<group>"; };
		2B9DF70D1E964502004E79FF /* MBProgressHUD.bundle */ = {isa = PBXFileReference; lastKnownFileType = "wrapper.plug-in"; path = MBProgressHUD.bundle; sourceTree = "<group>"; };
		2B9DF70E1E964502004E79FF /* MBProgressHUD+MJ.h */ = {isa = PBXFileReference; fileEncoding = 4; lastKnownFileType = sourcecode.c.h; path = "MBProgressHUD+MJ.h"; sourceTree = "<group>"; };
		2B9DF70F1E964502004E79FF /* MBProgressHUD+MJ.m */ = {isa = PBXFileReference; fileEncoding = 4; lastKnownFileType = sourcecode.c.objc; path = "MBProgressHUD+MJ.m"; sourceTree = "<group>"; };
		2BA1196C1E947DCF0018827B /* HealthMonitor.pch */ = {isa = PBXFileReference; fileEncoding = 4; lastKnownFileType = sourcecode.c.h; path = HealthMonitor.pch; sourceTree = "<group>"; };
		2BC32B761E8DFCBA00020BFE /* HealthMonitor.app */ = {isa = PBXFileReference; explicitFileType = wrapper.application; includeInIndex = 0; path = HealthMonitor.app; sourceTree = BUILT_PRODUCTS_DIR; };
		2BC32B7A1E8DFCBA00020BFE /* main.m */ = {isa = PBXFileReference; lastKnownFileType = sourcecode.c.objc; path = main.m; sourceTree = "<group>"; };
		2BC32B7C1E8DFCBA00020BFE /* AppDelegate.h */ = {isa = PBXFileReference; lastKnownFileType = sourcecode.c.h; path = AppDelegate.h; sourceTree = "<group>"; };
		2BC32B7D1E8DFCBA00020BFE /* AppDelegate.m */ = {isa = PBXFileReference; lastKnownFileType = sourcecode.c.objc; path = AppDelegate.m; sourceTree = "<group>"; };
		2BC32B831E8DFCBA00020BFE /* Base */ = {isa = PBXFileReference; lastKnownFileType = file.storyboard; name = Base; path = Base.lproj/Main.storyboard; sourceTree = "<group>"; };
		2BC32B851E8DFCBA00020BFE /* Assets.xcassets */ = {isa = PBXFileReference; lastKnownFileType = folder.assetcatalog; path = Assets.xcassets; sourceTree = "<group>"; };
		2BC32B881E8DFCBA00020BFE /* Base */ = {isa = PBXFileReference; lastKnownFileType = file.storyboard; name = Base; path = Base.lproj/LaunchScreen.storyboard; sourceTree = "<group>"; };
		2BC32B8A1E8DFCBA00020BFE /* Info.plist */ = {isa = PBXFileReference; lastKnownFileType = text.plist.xml; path = Info.plist; sourceTree = "<group>"; };
		2BC32B8F1E8DFCBA00020BFE /* HealthMonitorTests.xctest */ = {isa = PBXFileReference; explicitFileType = wrapper.cfbundle; includeInIndex = 0; path = HealthMonitorTests.xctest; sourceTree = BUILT_PRODUCTS_DIR; };
		2BC32B931E8DFCBA00020BFE /* HealthMonitorTests.m */ = {isa = PBXFileReference; lastKnownFileType = sourcecode.c.objc; path = HealthMonitorTests.m; sourceTree = "<group>"; };
		2BC32B951E8DFCBA00020BFE /* Info.plist */ = {isa = PBXFileReference; lastKnownFileType = text.plist.xml; path = Info.plist; sourceTree = "<group>"; };
		2BC32B9A1E8DFCBA00020BFE /* HealthMonitorUITests.xctest */ = {isa = PBXFileReference; explicitFileType = wrapper.cfbundle; includeInIndex = 0; path = HealthMonitorUITests.xctest; sourceTree = BUILT_PRODUCTS_DIR; };
		2BC32B9E1E8DFCBA00020BFE /* HealthMonitorUITests.m */ = {isa = PBXFileReference; lastKnownFileType = sourcecode.c.objc; path = HealthMonitorUITests.m; sourceTree = "<group>"; };
		2BC32BA01E8DFCBA00020BFE /* Info.plist */ = {isa = PBXFileReference; lastKnownFileType = text.plist.xml; path = Info.plist; sourceTree = "<group>"; };
		79ABB91DE7731596A5AEBECB /* Pods-HealthMonitor.debug.xcconfig */ = {isa = PBXFileReference; includeInIndex = 1; lastKnownFileType = text.xcconfig; name = "Pods-HealthMonitor.debug.xcconfig"; path = "Pods/Target Support Files/Pods-HealthMonitor/Pods-HealthMonitor.debug.xcconfig"; sourceTree = "<group>"; };
		B804FF18FCDE83380A927DAD /* libPods-HealthMonitor.a */ = {isa = PBXFileReference; explicitFileType = archive.ar; includeInIndex = 0; path = "libPods-HealthMonitor.a"; sourceTree = BUILT_PRODUCTS_DIR; };
/* End PBXFileReference section */

/* Begin PBXFrameworksBuildPhase section */
		2BC32B731E8DFCBA00020BFE /* Frameworks */ = {
			isa = PBXFrameworksBuildPhase;
			buildActionMask = 2147483647;
			files = (
				9EA98D8C8013A487027943EB /* libPods-HealthMonitor.a in Frameworks */,
			);
			runOnlyForDeploymentPostprocessing = 0;
		};
		2BC32B8C1E8DFCBA00020BFE /* Frameworks */ = {
			isa = PBXFrameworksBuildPhase;
			buildActionMask = 2147483647;
			files = (
			);
			runOnlyForDeploymentPostprocessing = 0;
		};
		2BC32B971E8DFCBA00020BFE /* Frameworks */ = {
			isa = PBXFrameworksBuildPhase;
			buildActionMask = 2147483647;
			files = (
			);
			runOnlyForDeploymentPostprocessing = 0;
		};
/* End PBXFrameworksBuildPhase section */

/* Begin PBXGroup section */
		13DCED47F2E56C02EA833621 /* Frameworks */ = {
			isa = PBXGroup;
			children = (
				B804FF18FCDE83380A927DAD /* libPods-HealthMonitor.a */,
			);
			name = Frameworks;
			sourceTree = "<group>";
		};
		2B016CD41E94BF4A0019736C /* Common */ = {
			isa = PBXGroup;
			children = (
				2B016CD61E94CE350019736C /* General */,
			);
			path = Common;
			sourceTree = "<group>";
		};
		2B016CD61E94CE350019736C /* General */ = {
			isa = PBXGroup;
			children = (
				2B016CD71E94CE350019736C /* Extension(分类) */,
				2B016CDC1E94CE350019736C /* Helper(帮助) */,
				2B016CDF1E94CE350019736C /* Macro(宏) */,
				2B016CEB1E94CE350019736C /* Main(主要) */,
				2B016CFE1E94CE350019736C /* NetService(网络) */,
			);
			path = General;
			sourceTree = "<group>";
		};
		2B016CD71E94CE350019736C /* Extension(分类) */ = {
			isa = PBXGroup;
			children = (
				2B9DF70D1E964502004E79FF /* MBProgressHUD.bundle */,
				2B9DF70E1E964502004E79FF /* MBProgressHUD+MJ.h */,
				2B9DF70F1E964502004E79FF /* MBProgressHUD+MJ.m */,
				2B9DF70A1E9630C1004E79FF /* MBProgressHUD+GSProgressHUD.h */,
				2B9DF70B1E9630C1004E79FF /* MBProgressHUD+GSProgressHUD.m */,
				2B9DF7041E961F25004E79FF /* LayerCoreRadius.h */,
				2B9DF7051E961F25004E79FF /* LayerCoreRadius.m */,
				2B016D1C1E94DD480019736C /* AOLinkedStoryboardSegue.h */,
				2B016D1D1E94DD480019736C /* AOLinkedStoryboardSegue.m */,
				2B016CD81E94CE350019736C /* NSData+CCCryptUtil.h */,
				2B016CD91E94CE350019736C /* NSData+CCCryptUtil.m */,
				2B016CDA1E94CE350019736C /* NSString+Hash.h */,
				2B016CDB1E94CE350019736C /* NSString+Hash.m */,
			);
			path = "Extension(分类)";
			sourceTree = "<group>";
		};
		2B016CDC1E94CE350019736C /* Helper(帮助) */ = {
			isa = PBXGroup;
			children = (
				2B016CDD1E94CE350019736C /* ValidateHelper.h */,
				2B016CDE1E94CE350019736C /* ValidateHelper.m */,
			);
			path = "Helper(帮助)";
			sourceTree = "<group>";
		};
		2B016CDF1E94CE350019736C /* Macro(宏) */ = {
			isa = PBXGroup;
			children = (
				2B016CE01E94CE350019736C /* CommonDefine */,
				2B016CE71E94CE350019736C /* ProjectDefine */,
			);
			path = "Macro(宏)";
			sourceTree = "<group>";
		};
		2B016CE01E94CE350019736C /* CommonDefine */ = {
			isa = PBXGroup;
			children = (
				2B016CE11E94CE350019736C /* ColorDefine.h */,
				2B016CE21E94CE350019736C /* FontDefine.h */,
				2B016CE31E94CE350019736C /* FrameDefine.h */,
				2B016CE41E94CE350019736C /* PathDefine.h */,
				2B016CE51E94CE350019736C /* SystemDefine.h */,
				2B016CE61E94CE350019736C /* UtilsDefine.h */,
			);
			path = CommonDefine;
			sourceTree = "<group>";
		};
		2B016CE71E94CE350019736C /* ProjectDefine */ = {
			isa = PBXGroup;
			children = (
				2B016CE81E94CE350019736C /* FieldDefine.h */,
				2B016CE91E94CE350019736C /* RequestDefine.h */,
			);
			path = ProjectDefine;
			sourceTree = "<group>";
		};
		2B016CEB1E94CE350019736C /* Main(主要) */ = {
			isa = PBXGroup;
			children = (
			);
			path = "Main(主要)";
			sourceTree = "<group>";
		};
		2B016CFE1E94CE350019736C /* NetService(网络) */ = {
			isa = PBXGroup;
			children = (
				2B016D161E94D1240019736C /* RequestManager.h */,
				2B016D171E94D1240019736C /* RequestManager.m */,
				2B016D1F1E94E2420019736C /* CZUserDefalt.h */,
				2B016D201E94E2420019736C /* CZUserDefalt.m */,
				2B016D211E94E2420019736C /* User.h */,
				2B016D221E94E2420019736C /* User.m */,
				2B016D231E94E2420019736C /* XHContext.h */,
				2B016D241E94E2420019736C /* XHContext.m */,
			);
			path = "NetService(网络)";
			sourceTree = "<group>";
		};
		2B6E33D31E978887007D9750 /* HomePage */ = {
			isa = PBXGroup;
			children = (
				2B6E33D41E978887007D9750 /* Controller */,
				2B6E33D51E978887007D9750 /* Model */,
				2B6E33D61E978887007D9750 /* View */,
			);
			path = HomePage;
			sourceTree = "<group>";
		};
		2B6E33D41E978887007D9750 /* Controller */ = {
			isa = PBXGroup;
			children = (
				2B6E33D71E978948007D9750 /* HomeViewController.h */,
				2B6E33D81E978948007D9750 /* HomeViewController.m */,
			);
			path = Controller;
			sourceTree = "<group>";
		};
		2B6E33D51E978887007D9750 /* Model */ = {
			isa = PBXGroup;
			children = (
			);
			path = Model;
			sourceTree = "<group>";
		};
		2B6E33D61E978887007D9750 /* View */ = {
			isa = PBXGroup;
			children = (
			);
			path = View;
			sourceTree = "<group>";
		};
		2B9CEC0B1E9B60EE00250304 /* Storyboard */ = {
			isa = PBXGroup;
			children = (
			);
			path = Storyboard;
			sourceTree = "<group>";
		};
		2B9CEC0C1E9B643800250304 /* UserManagement */ = {
			isa = PBXGroup;
			children = (
				2B9CEC0D1E9B65F900250304 /* Controller */,
				2B9CEC0E1E9B65F900250304 /* Model */,
				2B9CEC0F1E9B65F900250304 /* View */,
			);
			path = UserManagement;
			sourceTree = "<group>";
		};
		2B9CEC0D1E9B65F900250304 /* Controller */ = {
			isa = PBXGroup;
			children = (
				2B9CEC101E9B666B00250304 /* UserViewController.h */,
				2B9CEC111E9B666C00250304 /* UserViewController.m */,
				2B9CEC131E9B676400250304 /* User.storyboard */,
			);
			path = Controller;
			sourceTree = "<group>";
		};
		2B9CEC0E1E9B65F900250304 /* Model */ = {
			isa = PBXGroup;
			children = (
			);
			path = Model;
			sourceTree = "<group>";
		};
		2B9CEC0F1E9B65F900250304 /* View */ = {
			isa = PBXGroup;
			children = (
				2B9CEC151E9B6B2400250304 /* UserTableViewCell.h */,
				2B9CEC161E9B6B2400250304 /* UserTableViewCell.m */,
				2B9CEC171E9B6B2400250304 /* UserTableViewCell.xib */,
			);
			path = View;
			sourceTree = "<group>";
		};
		2BC32B6D1E8DFCBA00020BFE = {
			isa = PBXGroup;
			children = (
				2BC32B781E8DFCBA00020BFE /* HealthMonitor */,
				2BC32B921E8DFCBA00020BFE /* HealthMonitorTests */,
				2BC32B9D1E8DFCBA00020BFE /* HealthMonitorUITests */,
				2BC32B771E8DFCBA00020BFE /* Products */,
				C39875EA2363D09E976082AD /* Pods */,
				13DCED47F2E56C02EA833621 /* Frameworks */,
			);
			sourceTree = "<group>";
		};
		2BC32B771E8DFCBA00020BFE /* Products */ = {
			isa = PBXGroup;
			children = (
				2BC32B761E8DFCBA00020BFE /* HealthMonitor.app */,
				2BC32B8F1E8DFCBA00020BFE /* HealthMonitorTests.xctest */,
				2BC32B9A1E8DFCBA00020BFE /* HealthMonitorUITests.xctest */,
			);
			name = Products;
			sourceTree = "<group>";
		};
		2BC32B781E8DFCBA00020BFE /* HealthMonitor */ = {
			isa = PBXGroup;
			children = (
				2BC32B7C1E8DFCBA00020BFE /* AppDelegate.h */,
				2BC32B7D1E8DFCBA00020BFE /* AppDelegate.m */,
				2B9CEC0C1E9B643800250304 /* UserManagement */,
				2B9CEC0B1E9B60EE00250304 /* Storyboard */,
				2B6E33D31E978887007D9750 /* HomePage */,
				2B016CD41E94BF4A0019736C /* Common */,
				2BC92C381E8E5653003ACD60 /* Login */,
				2BC32B821E8DFCBA00020BFE /* Main.storyboard */,
				2BC32B851E8DFCBA00020BFE /* Assets.xcassets */,
				2BC32B871E8DFCBA00020BFE /* LaunchScreen.storyboard */,
				2BC32B8A1E8DFCBA00020BFE /* Info.plist */,
				2BC32B791E8DFCBA00020BFE /* Supporting Files */,
				2BA1196C1E947DCF0018827B /* HealthMonitor.pch */,
			);
			path = HealthMonitor;
			sourceTree = "<group>";
		};
		2BC32B791E8DFCBA00020BFE /* Supporting Files */ = {
			isa = PBXGroup;
			children = (
				2BC32B7A1E8DFCBA00020BFE /* main.m */,
			);
			name = "Supporting Files";
			sourceTree = "<group>";
		};
		2BC32B921E8DFCBA00020BFE /* HealthMonitorTests */ = {
			isa = PBXGroup;
			children = (
				2BC32B931E8DFCBA00020BFE /* HealthMonitorTests.m */,
				2BC32B951E8DFCBA00020BFE /* Info.plist */,
			);
			path = HealthMonitorTests;
			sourceTree = "<group>";
		};
		2BC32B9D1E8DFCBA00020BFE /* HealthMonitorUITests */ = {
			isa = PBXGroup;
			children = (
				2BC32B9E1E8DFCBA00020BFE /* HealthMonitorUITests.m */,
				2BC32BA01E8DFCBA00020BFE /* Info.plist */,
			);
			path = HealthMonitorUITests;
			sourceTree = "<group>";
		};
		2BC92C381E8E5653003ACD60 /* Login */ = {
			isa = PBXGroup;
			children = (
				2BC92C391E8E5653003ACD60 /* Controller */,
				2BC92C3A1E8E5654003ACD60 /* Model */,
				2BC92C3B1E8E5654003ACD60 /* View */,
			);
			path = Login;
			sourceTree = "<group>";
		};
		2BC92C391E8E5653003ACD60 /* Controller */ = {
			isa = PBXGroup;
			children = (
				2B016D281E94EA470019736C /* LoginViewController.h */,
				2B016D291E94EA470019736C /* LoginViewController.m */,
				2B78513A1E95DE53004874A9 /* RegistViewController.h */,
				2B78513B1E95DE53004874A9 /* RegistViewController.m */,
				2B9DF7011E95F123004E79FF /* ForgetViewController.h */,
				2B9DF7021E95F123004E79FF /* ForgetViewController.m */,
			);
			path = Controller;
			sourceTree = "<group>";
		};
		2BC92C3A1E8E5654003ACD60 /* Model */ = {
			isa = PBXGroup;
			children = (
			);
			path = Model;
			sourceTree = "<group>";
		};
		2BC92C3B1E8E5654003ACD60 /* View */ = {
			isa = PBXGroup;
			children = (
			);
			path = View;
			sourceTree = "<group>";
		};
		C39875EA2363D09E976082AD /* Pods */ = {
			isa = PBXGroup;
			children = (
				79ABB91DE7731596A5AEBECB /* Pods-HealthMonitor.debug.xcconfig */,
				24933361653136DE7157BAE4 /* Pods-HealthMonitor.release.xcconfig */,
			);
			name = Pods;
			sourceTree = "<group>";
		};
/* End PBXGroup section */

/* Begin PBXNativeTarget section */
		2BC32B751E8DFCBA00020BFE /* HealthMonitor */ = {
			isa = PBXNativeTarget;
			buildConfigurationList = 2BC32BA31E8DFCBA00020BFE /* Build configuration list for PBXNativeTarget "HealthMonitor" */;
			buildPhases = (
				49CC7337C9E8A2B138B850B1 /* [CP] Check Pods Manifest.lock */,
				2BC32B721E8DFCBA00020BFE /* Sources */,
				2BC32B731E8DFCBA00020BFE /* Frameworks */,
				2BC32B741E8DFCBA00020BFE /* Resources */,
				12709D594D0549A8D4D0F6C8 /* [CP] Embed Pods Frameworks */,
				C6DB1C79182F04471379CB90 /* [CP] Copy Pods Resources */,
			);
			buildRules = (
			);
			dependencies = (
			);
			name = HealthMonitor;
			productName = HealthMonitor;
			productReference = 2BC32B761E8DFCBA00020BFE /* HealthMonitor.app */;
			productType = "com.apple.product-type.application";
		};
		2BC32B8E1E8DFCBA00020BFE /* HealthMonitorTests */ = {
			isa = PBXNativeTarget;
			buildConfigurationList = 2BC32BA61E8DFCBA00020BFE /* Build configuration list for PBXNativeTarget "HealthMonitorTests" */;
			buildPhases = (
				2BC32B8B1E8DFCBA00020BFE /* Sources */,
				2BC32B8C1E8DFCBA00020BFE /* Frameworks */,
				2BC32B8D1E8DFCBA00020BFE /* Resources */,
			);
			buildRules = (
			);
			dependencies = (
				2BC32B911E8DFCBA00020BFE /* PBXTargetDependency */,
			);
			name = HealthMonitorTests;
			productName = HealthMonitorTests;
			productReference = 2BC32B8F1E8DFCBA00020BFE /* HealthMonitorTests.xctest */;
			productType = "com.apple.product-type.bundle.unit-test";
		};
		2BC32B991E8DFCBA00020BFE /* HealthMonitorUITests */ = {
			isa = PBXNativeTarget;
			buildConfigurationList = 2BC32BA91E8DFCBA00020BFE /* Build configuration list for PBXNativeTarget "HealthMonitorUITests" */;
			buildPhases = (
				2BC32B961E8DFCBA00020BFE /* Sources */,
				2BC32B971E8DFCBA00020BFE /* Frameworks */,
				2BC32B981E8DFCBA00020BFE /* Resources */,
			);
			buildRules = (
			);
			dependencies = (
				2BC32B9C1E8DFCBA00020BFE /* PBXTargetDependency */,
			);
			name = HealthMonitorUITests;
			productName = HealthMonitorUITests;
			productReference = 2BC32B9A1E8DFCBA00020BFE /* HealthMonitorUITests.xctest */;
			productType = "com.apple.product-type.bundle.ui-testing";
		};
/* End PBXNativeTarget section */

/* Begin PBXProject section */
		2BC32B6E1E8DFCBA00020BFE /* Project object */ = {
			isa = PBXProject;
			attributes = {
				LastUpgradeCheck = 0820;
				ORGANIZATIONNAME = Atohuyo;
				TargetAttributes = {
					2BC32B751E8DFCBA00020BFE = {
						CreatedOnToolsVersion = 8.2.1;
						DevelopmentTeam = XRJ957MSNJ;
						ProvisioningStyle = Automatic;
					};
					2BC32B8E1E8DFCBA00020BFE = {
						CreatedOnToolsVersion = 8.2.1;
						DevelopmentTeam = XRJ957MSNJ;
						ProvisioningStyle = Automatic;
						TestTargetID = 2BC32B751E8DFCBA00020BFE;
					};
					2BC32B991E8DFCBA00020BFE = {
						CreatedOnToolsVersion = 8.2.1;
						DevelopmentTeam = XRJ957MSNJ;
						ProvisioningStyle = Automatic;
						TestTargetID = 2BC32B751E8DFCBA00020BFE;
					};
				};
			};
			buildConfigurationList = 2BC32B711E8DFCBA00020BFE /* Build configuration list for PBXProject "HealthMonitor" */;
			compatibilityVersion = "Xcode 3.2";
			developmentRegion = English;
			hasScannedForEncodings = 0;
			knownRegions = (
				en,
				Base,
			);
			mainGroup = 2BC32B6D1E8DFCBA00020BFE;
			productRefGroup = 2BC32B771E8DFCBA00020BFE /* Products */;
			projectDirPath = "";
			projectRoot = "";
			targets = (
				2BC32B751E8DFCBA00020BFE /* HealthMonitor */,
				2BC32B8E1E8DFCBA00020BFE /* HealthMonitorTests */,
				2BC32B991E8DFCBA00020BFE /* HealthMonitorUITests */,
			);
		};
/* End PBXProject section */

/* Begin PBXResourcesBuildPhase section */
		2BC32B741E8DFCBA00020BFE /* Resources */ = {
			isa = PBXResourcesBuildPhase;
			buildActionMask = 2147483647;
			files = (
				2BC32B891E8DFCBA00020BFE /* LaunchScreen.storyboard in Resources */,
				2B9CEC141E9B676400250304 /* User.storyboard in Resources */,
				2B9DF7101E964502004E79FF /* MBProgressHUD.bundle in Resources */,
				2BC32B861E8DFCBA00020BFE /* Assets.xcassets in Resources */,
				2B9CEC191E9B6B2400250304 /* UserTableViewCell.xib in Resources */,
				2BC32B841E8DFCBA00020BFE /* Main.storyboard in Resources */,
			);
			runOnlyForDeploymentPostprocessing = 0;
		};
		2BC32B8D1E8DFCBA00020BFE /* Resources */ = {
			isa = PBXResourcesBuildPhase;
			buildActionMask = 2147483647;
			files = (
			);
			runOnlyForDeploymentPostprocessing = 0;
		};
		2BC32B981E8DFCBA00020BFE /* Resources */ = {
			isa = PBXResourcesBuildPhase;
			buildActionMask = 2147483647;
			files = (
			);
			runOnlyForDeploymentPostprocessing = 0;
		};
/* End PBXResourcesBuildPhase section */

/* Begin PBXShellScriptBuildPhase section */
		12709D594D0549A8D4D0F6C8 /* [CP] Embed Pods Frameworks */ = {
			isa = PBXShellScriptBuildPhase;
			buildActionMask = 2147483647;
			files = (
			);
			inputPaths = (
			);
			name = "[CP] Embed Pods Frameworks";
			outputPaths = (
			);
			runOnlyForDeploymentPostprocessing = 0;
			shellPath = /bin/sh;
			shellScript = "\"${SRCROOT}/Pods/Target Support Files/Pods-HealthMonitor/Pods-HealthMonitor-frameworks.sh\"\n";
			showEnvVarsInLog = 0;
		};
		49CC7337C9E8A2B138B850B1 /* [CP] Check Pods Manifest.lock */ = {
			isa = PBXShellScriptBuildPhase;
			buildActionMask = 2147483647;
			files = (
			);
			inputPaths = (
			);
			name = "[CP] Check Pods Manifest.lock";
			outputPaths = (
			);
			runOnlyForDeploymentPostprocessing = 0;
			shellPath = /bin/sh;
			shellScript = "diff \"${PODS_ROOT}/../Podfile.lock\" \"${PODS_ROOT}/Manifest.lock\" > /dev/null\nif [ $? != 0 ] ; then\n    # print error to STDERR\n    echo \"error: The sandbox is not in sync with the Podfile.lock. Run 'pod install' or update your CocoaPods installation.\" >&2\n    exit 1\nfi\n";
			showEnvVarsInLog = 0;
		};
		C6DB1C79182F04471379CB90 /* [CP] Copy Pods Resources */ = {
			isa = PBXShellScriptBuildPhase;
			buildActionMask = 2147483647;
			files = (
			);
			inputPaths = (
			);
			name = "[CP] Copy Pods Resources";
			outputPaths = (
			);
			runOnlyForDeploymentPostprocessing = 0;
			shellPath = /bin/sh;
			shellScript = "\"${SRCROOT}/Pods/Target Support Files/Pods-HealthMonitor/Pods-HealthMonitor-resources.sh\"\n";
			showEnvVarsInLog = 0;
		};
/* End PBXShellScriptBuildPhase section */

/* Begin PBXSourcesBuildPhase section */
		2BC32B721E8DFCBA00020BFE /* Sources */ = {
			isa = PBXSourcesBuildPhase;
			buildActionMask = 2147483647;
			files = (
				2B016D271E94E2420019736C /* XHContext.m in Sources */,
				2B016D261E94E2420019736C /* User.m in Sources */,
				2B78513C1E95DE53004874A9 /* RegistViewController.m in Sources */,
				2B016D251E94E2420019736C /* CZUserDefalt.m in Sources */,
				2B9DF7111E964502004E79FF /* MBProgressHUD+MJ.m in Sources */,
				2B016D091E94CE350019736C /* ValidateHelper.m in Sources */,
				2BC32B7E1E8DFCBA00020BFE /* AppDelegate.m in Sources */,
				2B016D181E94D1240019736C /* RequestManager.m in Sources */,
				2B6E33D91E978948007D9750 /* HomeViewController.m in Sources */,
				2B9CEC121E9B666C00250304 /* UserViewController.m in Sources */,
				2B9DF70C1E9630C1004E79FF /* MBProgressHUD+GSProgressHUD.m in Sources */,
				2BC32B7B1E8DFCBA00020BFE /* main.m in Sources */,
				2B9DF7061E961F25004E79FF /* LayerCoreRadius.m in Sources */,
				2B9CEC181E9B6B2400250304 /* UserTableViewCell.m in Sources */,
				2B9DF7031E95F123004E79FF /* ForgetViewController.m in Sources */,
				2B016D2A1E94EA470019736C /* LoginViewController.m in Sources */,
				2B016D1E1E94DD480019736C /* AOLinkedStoryboardSegue.m in Sources */,
				2B016D081E94CE350019736C /* NSString+Hash.m in Sources */,
				2B016D071E94CE350019736C /* NSData+CCCryptUtil.m in Sources */,
			);
			runOnlyForDeploymentPostprocessing = 0;
		};
		2BC32B8B1E8DFCBA00020BFE /* Sources */ = {
			isa = PBXSourcesBuildPhase;
			buildActionMask = 2147483647;
			files = (
				2BC32B941E8DFCBA00020BFE /* HealthMonitorTests.m in Sources */,
			);
			runOnlyForDeploymentPostprocessing = 0;
		};
		2BC32B961E8DFCBA00020BFE /* Sources */ = {
			isa = PBXSourcesBuildPhase;
			buildActionMask = 2147483647;
			files = (
				2BC32B9F1E8DFCBA00020BFE /* HealthMonitorUITests.m in Sources */,
			);
			runOnlyForDeploymentPostprocessing = 0;
		};
/* End PBXSourcesBuildPhase section */

/* Begin PBXTargetDependency section */
		2BC32B911E8DFCBA00020BFE /* PBXTargetDependency */ = {
			isa = PBXTargetDependency;
			target = 2BC32B751E8DFCBA00020BFE /* HealthMonitor */;
			targetProxy = 2BC32B901E8DFCBA00020BFE /* PBXContainerItemProxy */;
		};
		2BC32B9C1E8DFCBA00020BFE /* PBXTargetDependency */ = {
			isa = PBXTargetDependency;
			target = 2BC32B751E8DFCBA00020BFE /* HealthMonitor */;
			targetProxy = 2BC32B9B1E8DFCBA00020BFE /* PBXContainerItemProxy */;
		};
/* End PBXTargetDependency section */

/* Begin PBXVariantGroup section */
		2BC32B821E8DFCBA00020BFE /* Main.storyboard */ = {
			isa = PBXVariantGroup;
			children = (
				2BC32B831E8DFCBA00020BFE /* Base */,
			);
			name = Main.storyboard;
			sourceTree = "<group>";
		};
		2BC32B871E8DFCBA00020BFE /* LaunchScreen.storyboard */ = {
			isa = PBXVariantGroup;
			children = (
				2BC32B881E8DFCBA00020BFE /* Base */,
			);
			name = LaunchScreen.storyboard;
			sourceTree = "<group>";
		};
/* End PBXVariantGroup section */

/* Begin XCBuildConfiguration section */
		2BC32BA11E8DFCBA00020BFE /* Debug */ = {
			isa = XCBuildConfiguration;
			buildSettings = {
				ALWAYS_SEARCH_USER_PATHS = NO;
				CLANG_ANALYZER_NONNULL = YES;
				CLANG_CXX_LANGUAGE_STANDARD = "gnu++0x";
				CLANG_CXX_LIBRARY = "libc++";
				CLANG_ENABLE_MODULES = YES;
				CLANG_ENABLE_OBJC_ARC = YES;
				CLANG_WARN_BOOL_CONVERSION = YES;
				CLANG_WARN_CONSTANT_CONVERSION = YES;
				CLANG_WARN_DIRECT_OBJC_ISA_USAGE = YES_ERROR;
				CLANG_WARN_DOCUMENTATION_COMMENTS = YES;
				CLANG_WARN_EMPTY_BODY = YES;
				CLANG_WARN_ENUM_CONVERSION = YES;
				CLANG_WARN_INFINITE_RECURSION = YES;
				CLANG_WARN_INT_CONVERSION = YES;
				CLANG_WARN_OBJC_ROOT_CLASS = YES_ERROR;
				CLANG_WARN_SUSPICIOUS_MOVE = YES;
				CLANG_WARN_UNREACHABLE_CODE = YES;
				CLANG_WARN__DUPLICATE_METHOD_MATCH = YES;
				"CODE_SIGN_IDENTITY[sdk=iphoneos*]" = "iPhone Developer";
				COPY_PHASE_STRIP = NO;
				DEBUG_INFORMATION_FORMAT = dwarf;
				ENABLE_STRICT_OBJC_MSGSEND = YES;
				ENABLE_TESTABILITY = YES;
				GCC_C_LANGUAGE_STANDARD = gnu99;
				GCC_DYNAMIC_NO_PIC = NO;
				GCC_NO_COMMON_BLOCKS = YES;
				GCC_OPTIMIZATION_LEVEL = 0;
				GCC_PRECOMPILE_PREFIX_HEADER = YES;
				GCC_PREFIX_HEADER = HealthMonitor/HealthMonitor.pch;
				GCC_PREPROCESSOR_DEFINITIONS = (
					"DEBUG=1",
					"$(inherited)",
				);
				GCC_WARN_64_TO_32_BIT_CONVERSION = YES;
				GCC_WARN_ABOUT_RETURN_TYPE = YES_ERROR;
				GCC_WARN_UNDECLARED_SELECTOR = YES;
				GCC_WARN_UNINITIALIZED_AUTOS = YES_AGGRESSIVE;
				GCC_WARN_UNUSED_FUNCTION = YES;
				GCC_WARN_UNUSED_VARIABLE = YES;
				IPHONEOS_DEPLOYMENT_TARGET = 10.2;
				MTL_ENABLE_DEBUG_INFO = YES;
				ONLY_ACTIVE_ARCH = YES;
				SDKROOT = iphoneos;
			};
			name = Debug;
		};
		2BC32BA21E8DFCBA00020BFE /* Release */ = {
			isa = XCBuildConfiguration;
			buildSettings = {
				ALWAYS_SEARCH_USER_PATHS = NO;
				CLANG_ANALYZER_NONNULL = YES;
				CLANG_CXX_LANGUAGE_STANDARD = "gnu++0x";
				CLANG_CXX_LIBRARY = "libc++";
				CLANG_ENABLE_MODULES = YES;
				CLANG_ENABLE_OBJC_ARC = YES;
				CLANG_WARN_BOOL_CONVERSION = YES;
				CLANG_WARN_CONSTANT_CONVERSION = YES;
				CLANG_WARN_DIRECT_OBJC_ISA_USAGE = YES_ERROR;
				CLANG_WARN_DOCUMENTATION_COMMENTS = YES;
				CLANG_WARN_EMPTY_BODY = YES;
				CLANG_WARN_ENUM_CONVERSION = YES;
				CLANG_WARN_INFINITE_RECURSION = YES;
				CLANG_WARN_INT_CONVERSION = YES;
				CLANG_WARN_OBJC_ROOT_CLASS = YES_ERROR;
				CLANG_WARN_SUSPICIOUS_MOVE = YES;
				CLANG_WARN_UNREACHABLE_CODE = YES;
				CLANG_WARN__DUPLICATE_METHOD_MATCH = YES;
				"CODE_SIGN_IDENTITY[sdk=iphoneos*]" = "iPhone Developer";
				COPY_PHASE_STRIP = NO;
				DEBUG_INFORMATION_FORMAT = "dwarf-with-dsym";
				ENABLE_NS_ASSERTIONS = NO;
				ENABLE_STRICT_OBJC_MSGSEND = YES;
				GCC_C_LANGUAGE_STANDARD = gnu99;
				GCC_NO_COMMON_BLOCKS = YES;
				GCC_PRECOMPILE_PREFIX_HEADER = YES;
				GCC_PREFIX_HEADER = HealthMonitor/HealthMonitor.pch;
				GCC_WARN_64_TO_32_BIT_CONVERSION = YES;
				GCC_WARN_ABOUT_RETURN_TYPE = YES_ERROR;
				GCC_WARN_UNDECLARED_SELECTOR = YES;
				GCC_WARN_UNINITIALIZED_AUTOS = YES_AGGRESSIVE;
				GCC_WARN_UNUSED_FUNCTION = YES;
				GCC_WARN_UNUSED_VARIABLE = YES;
				IPHONEOS_DEPLOYMENT_TARGET = 10.2;
				MTL_ENABLE_DEBUG_INFO = NO;
				SDKROOT = iphoneos;
				VALIDATE_PRODUCT = YES;
			};
			name = Release;
		};
		2BC32BA41E8DFCBA00020BFE /* Debug */ = {
			isa = XCBuildConfiguration;
			baseConfigurationReference = 79ABB91DE7731596A5AEBECB /* Pods-HealthMonitor.debug.xcconfig */;
			buildSettings = {
				ASSETCATALOG_COMPILER_APPICON_NAME = AppIcon;
				DEVELOPMENT_TEAM = XRJ957MSNJ;
				INFOPLIST_FILE = HealthMonitor/Info.plist;
				IPHONEOS_DEPLOYMENT_TARGET = 10.2;
				LD_RUNPATH_SEARCH_PATHS = "$(inherited) @executable_path/Frameworks";
				PRODUCT_BUNDLE_IDENTIFIER = com.atohuyo.HealthMonitor;
				PRODUCT_NAME = "$(TARGET_NAME)";
			};
			name = Debug;
		};
		2BC32BA51E8DFCBA00020BFE /* Release */ = {
			isa = XCBuildConfiguration;
			baseConfigurationReference = 24933361653136DE7157BAE4 /* Pods-HealthMonitor.release.xcconfig */;
			buildSettings = {
				ASSETCATALOG_COMPILER_APPICON_NAME = AppIcon;
				DEVELOPMENT_TEAM = XRJ957MSNJ;
				INFOPLIST_FILE = HealthMonitor/Info.plist;
				IPHONEOS_DEPLOYMENT_TARGET = 10.2;
				LD_RUNPATH_SEARCH_PATHS = "$(inherited) @executable_path/Frameworks";
				PRODUCT_BUNDLE_IDENTIFIER = com.atohuyo.HealthMonitor;
				PRODUCT_NAME = "$(TARGET_NAME)";
			};
			name = Release;
		};
		2BC32BA71E8DFCBA00020BFE /* Debug */ = {
			isa = XCBuildConfiguration;
			buildSettings = {
				BUNDLE_LOADER = "$(TEST_HOST)";
				DEVELOPMENT_TEAM = XRJ957MSNJ;
				INFOPLIST_FILE = HealthMonitorTests/Info.plist;
				LD_RUNPATH_SEARCH_PATHS = "$(inherited) @executable_path/Frameworks @loader_path/Frameworks";
				PRODUCT_BUNDLE_IDENTIFIER = com.atohuyo.HealthMonitorTests;
				PRODUCT_NAME = "$(TARGET_NAME)";
				TEST_HOST = "$(BUILT_PRODUCTS_DIR)/HealthMonitor.app/HealthMonitor";
			};
			name = Debug;
		};
		2BC32BA81E8DFCBA00020BFE /* Release */ = {
			isa = XCBuildConfiguration;
			buildSettings = {
				BUNDLE_LOADER = "$(TEST_HOST)";
				DEVELOPMENT_TEAM = XRJ957MSNJ;
				INFOPLIST_FILE = HealthMonitorTests/Info.plist;
				LD_RUNPATH_SEARCH_PATHS = "$(inherited) @executable_path/Frameworks @loader_path/Frameworks";
				PRODUCT_BUNDLE_IDENTIFIER = com.atohuyo.HealthMonitorTests;
				PRODUCT_NAME = "$(TARGET_NAME)";
				TEST_HOST = "$(BUILT_PRODUCTS_DIR)/HealthMonitor.app/HealthMonitor";
			};
			name = Release;
		};
		2BC32BAA1E8DFCBA00020BFE /* Debug */ = {
			isa = XCBuildConfiguration;
			buildSettings = {
				DEVELOPMENT_TEAM = XRJ957MSNJ;
				INFOPLIST_FILE = HealthMonitorUITests/Info.plist;
				LD_RUNPATH_SEARCH_PATHS = "$(inherited) @executable_path/Frameworks @loader_path/Frameworks";
				PRODUCT_BUNDLE_IDENTIFIER = com.atohuyo.HealthMonitorUITests;
				PRODUCT_NAME = "$(TARGET_NAME)";
				TEST_TARGET_NAME = HealthMonitor;
			};
			name = Debug;
		};
		2BC32BAB1E8DFCBA00020BFE /* Release */ = {
			isa = XCBuildConfiguration;
			buildSettings = {
				DEVELOPMENT_TEAM = XRJ957MSNJ;
				INFOPLIST_FILE = HealthMonitorUITests/Info.plist;
				LD_RUNPATH_SEARCH_PATHS = "$(inherited) @executable_path/Frameworks @loader_path/Frameworks";
				PRODUCT_BUNDLE_IDENTIFIER = com.atohuyo.HealthMonitorUITests;
				PRODUCT_NAME = "$(TARGET_NAME)";
				TEST_TARGET_NAME = HealthMonitor;
			};
			name = Release;
		};
/* End XCBuildConfiguration section */

/* Begin XCConfigurationList section */
		2BC32B711E8DFCBA00020BFE /* Build configuration list for PBXProject "HealthMonitor" */ = {
			isa = XCConfigurationList;
			buildConfigurations = (
				2BC32BA11E8DFCBA00020BFE /* Debug */,
				2BC32BA21E8DFCBA00020BFE /* Release */,
			);
			defaultConfigurationIsVisible = 0;
			defaultConfigurationName = Release;
		};
		2BC32BA31E8DFCBA00020BFE /* Build configuration list for PBXNativeTarget "HealthMonitor" */ = {
			isa = XCConfigurationList;
			buildConfigurations = (
				2BC32BA41E8DFCBA00020BFE /* Debug */,
				2BC32BA51E8DFCBA00020BFE /* Release */,
			);
			defaultConfigurationIsVisible = 0;
			defaultConfigurationName = Release;
		};
		2BC32BA61E8DFCBA00020BFE /* Build configuration list for PBXNativeTarget "HealthMonitorTests" */ = {
			isa = XCConfigurationList;
			buildConfigurations = (
				2BC32BA71E8DFCBA00020BFE /* Debug */,
				2BC32BA81E8DFCBA00020BFE /* Release */,
			);
			defaultConfigurationIsVisible = 0;
			defaultConfigurationName = Release;
		};
		2BC32BA91E8DFCBA00020BFE /* Build configuration list for PBXNativeTarget "HealthMonitorUITests" */ = {
			isa = XCConfigurationList;
			buildConfigurations = (
				2BC32BAA1E8DFCBA00020BFE /* Debug */,
				2BC32BAB1E8DFCBA00020BFE /* Release */,
			);
			defaultConfigurationIsVisible = 0;
			defaultConfigurationName = Release;
		};
/* End XCConfigurationList section */
	};
	rootObject = 2BC32B6E1E8DFCBA00020BFE /* Project object */;
}
